
Microsoft Visual Studio Solution File, Format Version 12.00
# Visual Studio 15
VisualStudioVersion = 15.0.26228.4
MinimumVisualStudioVersion = 10.0.40219.1
Project("{FAE04EC0-301F-11D3-BF4B-00C04F79EFBC}") = "Facturasiweb.Factura.Modelo", "Facturasiweb.Factura.Modelo\Facturasiweb.Factura.Modelo.csproj", "{BFD76C7D-BFC2-498C-A4B9-CAD5E06A3F96}"
EndProject
Project("{FAE04EC0-301F-11D3-BF4B-00C04F79EFBC}") = "Facturasiweb.Factura.Api", "Facturasiweb.Factura.Api\Facturasiweb.Factura.Api.csproj", "{1F5710CD-1ACE-4671-AA15-08D8DD089788}"
EndProject
Project("{FAE04EC0-301F-11D3-BF4B-00C04F79EFBC}") = "Facturasiweb.Factura.DAO", "Facturasiweb.Factura.DAO\Facturasiweb.Factura.DAO.csproj", "{6A4BE5A1-63B5-4A68-A44E-D554262AE076}"
EndProject
Project("{FAE04EC0-301F-11D3-BF4B-00C04F79EFBC}") = "Facturasiweb.Factura.BLL", "Facturasiweb.Factura.BLL\Facturasiweb.Factura.BLL.csproj", "{099EF5BF-9599-4D2A-9E4D-24A3CDF1A229}"
EndProject
Project("{FAE04EC0-301F-11D3-BF4B-00C04F79EFBC}") = "Facturasiweb.Factura.TimbradoDLL", "Facturasiweb.Factura.TimbradoDLL\Facturasiweb.Factura.TimbradoDLL.csproj", "{F47D8340-7772-4817-8AB9-0051D0D601A5}"
EndProject
Project("{FAE04EC0-301F-11D3-BF4B-00C04F79EFBC}") = "Facturasiweb.Factura.LogDLL", "Facturasiweb.Factura.LogDLL\Facturasiweb.Factura.LogDLL.csproj", "{1A887E25-B11F-4D47-B425-6F3C6749D62E}"
EndProject
Project("{FAE04EC0-301F-11D3-BF4B-00C04F79EFBC}") = "Facturasiweb.Factura.Desktop", "Facturasiweb.Factura.Desktop\Facturasiweb.Factura.Desktop.csproj", "{F0E80219-0494-46C2-999A-1D2DEF0EAC76}"
EndProject
Project("{FAE04EC0-301F-11D3-BF4B-00C04F79EFBC}") = "Facturasiweb.Factura.Reportes", "Facturasiweb.Factura.Reportes\Facturasiweb.Factura.Reportes.csproj", "{87568F0E-AF07-44E0-9E21-C3B271B9185C}"
EndProject
Project("{FAE04EC0-301F-11D3-BF4B-00C04F79EFBC}") = "Facturasiweb.Factura.ApiInventario", "Facturasiweb.Factura.ApiInventario\Facturasiweb.Factura.ApiInventario.csproj", "{E8A029E6-9482-4332-94BB-4129D896300C}"
EndProject
Project("{FAE04EC0-301F-11D3-BF4B-00C04F79EFBC}") = "Facturasiweb.Factura.ApiReportes", "Facturasiweb.Factura.ApiReportes\Facturasiweb.Factura.ApiReportes.csproj", "{B0E401E3-739B-4F27-857B-DF7DBD2ECBE1}"
EndProject
Project("{FAE04EC0-301F-11D3-BF4B-00C04F79EFBC}") = "Facturasiweb.Factura.ApiConsultas", "Facturasiweb.Factura.ApiConsultas\Facturasiweb.Factura.ApiConsultas.csproj", "{A2C78B16-55D7-43AD-B77E-A03D1F222178}"
EndProject
Project("{FAE04EC0-301F-11D3-BF4B-00C04F79EFBC}") = "Facturasiweb.Factura.App.Android", "Facturasiweb.Factura.App\Facturasiweb.Factura.App.Android\Facturasiweb.Factura.App.Android.csproj", "{1BF2F03B-03BC-4DA2-8FEA-2AC2C7554A8A}"
EndProject
Project("{FAE04EC0-301F-11D3-BF4B-00C04F79EFBC}") = "Facturasiweb.Factura.App.iOS", "Facturasiweb.Factura.App\Facturasiweb.Factura.App.iOS\Facturasiweb.Factura.App.iOS.csproj", "{EE4B97D4-190D-4F4B-9B70-EFEA892C8D39}"
EndProject
Project("{FAE04EC0-301F-11D3-BF4B-00C04F79EFBC}") = "Facturasiweb.Factura.App.UWP", "Facturasiweb.Factura.App\Facturasiweb.Factura.App.UWP\Facturasiweb.Factura.App.UWP.csproj", "{386165A7-3091-44BB-9B93-3A52BE073E04}"
EndProject
Project("{FAE04EC0-301F-11D3-BF4B-00C04F79EFBC}") = "Facturasiweb.Factura.App", "Facturasiweb.Factura.App\Facturasiweb.Factura.App\Facturasiweb.Factura.App.csproj", "{371472E0-4BCF-46E0-B139-3B5CC8A31794}"
EndProject
Project("{FAE04EC0-301F-11D3-BF4B-00C04F79EFBC}") = "Facturasiweb.Factura.ApiLogin", "Facturasiweb.Factura.ApiLogin\Facturasiweb.Factura.ApiLogin.csproj", "{A3ABA6B8-BE0B-4F2D-9C4E-4EA7EC6936C8}"
EndProject
Global
	GlobalSection(SolutionConfigurationPlatforms) = preSolution
		Ad-Hoc|Any CPU = Ad-Hoc|Any CPU
		Ad-Hoc|ARM = Ad-Hoc|ARM
		Ad-Hoc|iPhone = Ad-Hoc|iPhone
		Ad-Hoc|iPhoneSimulator = Ad-Hoc|iPhoneSimulator
		Ad-Hoc|x64 = Ad-Hoc|x64
		Ad-Hoc|x86 = Ad-Hoc|x86
		AppStore|Any CPU = AppStore|Any CPU
		AppStore|ARM = AppStore|ARM
		AppStore|iPhone = AppStore|iPhone
		AppStore|iPhoneSimulator = AppStore|iPhoneSimulator
		AppStore|x64 = AppStore|x64
		AppStore|x86 = AppStore|x86
		Debug|Any CPU = Debug|Any CPU
		Debug|ARM = Debug|ARM
		Debug|iPhone = Debug|iPhone
		Debug|iPhoneSimulator = Debug|iPhoneSimulator
		Debug|x64 = Debug|x64
		Debug|x86 = Debug|x86
		Debyg|Any CPU = Debyg|Any CPU
		Debyg|ARM = Debyg|ARM
		Debyg|iPhone = Debyg|iPhone
		Debyg|iPhoneSimulator = Debyg|iPhoneSimulator
		Debyg|x64 = Debyg|x64
		Debyg|x86 = Debyg|x86
		Release|Any CPU = Release|Any CPU
		Release|ARM = Release|ARM
		Release|iPhone = Release|iPhone
		Release|iPhoneSimulator = Release|iPhoneSimulator
		Release|x64 = Release|x64
		Release|x86 = Release|x86
	EndGlobalSection
	GlobalSection(ProjectConfigurationPlatforms) = postSolution
		{BFD76C7D-BFC2-498C-A4B9-CAD5E06A3F96}.Ad-Hoc|Any CPU.ActiveCfg = Release|Any CPU
		{BFD76C7D-BFC2-498C-A4B9-CAD5E06A3F96}.Ad-Hoc|Any CPU.Build.0 = Release|Any CPU
		{BFD76C7D-BFC2-498C-A4B9-CAD5E06A3F96}.Ad-Hoc|ARM.ActiveCfg = Release|Any CPU
		{BFD76C7D-BFC2-498C-A4B9-CAD5E06A3F96}.Ad-Hoc|ARM.Build.0 = Release|Any CPU
		{BFD76C7D-BFC2-498C-A4B9-CAD5E06A3F96}.Ad-Hoc|iPhone.ActiveCfg = Release|Any CPU
		{BFD76C7D-BFC2-498C-A4B9-CAD5E06A3F96}.Ad-Hoc|iPhone.Build.0 = Release|Any CPU
		{BFD76C7D-BFC2-498C-A4B9-CAD5E06A3F96}.Ad-Hoc|iPhoneSimulator.ActiveCfg = Release|Any CPU
		{BFD76C7D-BFC2-498C-A4B9-CAD5E06A3F96}.Ad-Hoc|iPhoneSimulator.Build.0 = Release|Any CPU
		{BFD76C7D-BFC2-498C-A4B9-CAD5E06A3F96}.Ad-Hoc|x64.ActiveCfg = Release|Any CPU
		{BFD76C7D-BFC2-498C-A4B9-CAD5E06A3F96}.Ad-Hoc|x64.Build.0 = Release|Any CPU
		{BFD76C7D-BFC2-498C-A4B9-CAD5E06A3F96}.Ad-Hoc|x86.ActiveCfg = Release|Any CPU
		{BFD76C7D-BFC2-498C-A4B9-CAD5E06A3F96}.Ad-Hoc|x86.Build.0 = Release|Any CPU
		{BFD76C7D-BFC2-498C-A4B9-CAD5E06A3F96}.AppStore|Any CPU.ActiveCfg = Release|Any CPU
		{BFD76C7D-BFC2-498C-A4B9-CAD5E06A3F96}.AppStore|Any CPU.Build.0 = Release|Any CPU
		{BFD76C7D-BFC2-498C-A4B9-CAD5E06A3F96}.AppStore|ARM.ActiveCfg = Release|Any CPU
		{BFD76C7D-BFC2-498C-A4B9-CAD5E06A3F96}.AppStore|ARM.Build.0 = Release|Any CPU
		{BFD76C7D-BFC2-498C-A4B9-CAD5E06A3F96}.AppStore|iPhone.ActiveCfg = Release|Any CPU
		{BFD76C7D-BFC2-498C-A4B9-CAD5E06A3F96}.AppStore|iPhone.Build.0 = Release|Any CPU
		{BFD76C7D-BFC2-498C-A4B9-CAD5E06A3F96}.AppStore|iPhoneSimulator.ActiveCfg = Release|Any CPU
		{BFD76C7D-BFC2-498C-A4B9-CAD5E06A3F96}.AppStore|iPhoneSimulator.Build.0 = Release|Any CPU
		{BFD76C7D-BFC2-498C-A4B9-CAD5E06A3F96}.AppStore|x64.ActiveCfg = Release|Any CPU
		{BFD76C7D-BFC2-498C-A4B9-CAD5E06A3F96}.AppStore|x64.Build.0 = Release|Any CPU
		{BFD76C7D-BFC2-498C-A4B9-CAD5E06A3F96}.AppStore|x86.ActiveCfg = Release|Any CPU
		{BFD76C7D-BFC2-498C-A4B9-CAD5E06A3F96}.AppStore|x86.Build.0 = Release|Any CPU
		{BFD76C7D-BFC2-498C-A4B9-CAD5E06A3F96}.Debug|Any CPU.ActiveCfg = Debug|Any CPU
		{BFD76C7D-BFC2-498C-A4B9-CAD5E06A3F96}.Debug|Any CPU.Build.0 = Debug|Any CPU
		{BFD76C7D-BFC2-498C-A4B9-CAD5E06A3F96}.Debug|ARM.ActiveCfg = Debug|Any CPU
		{BFD76C7D-BFC2-498C-A4B9-CAD5E06A3F96}.Debug|ARM.Build.0 = Debug|Any CPU
		{BFD76C7D-BFC2-498C-A4B9-CAD5E06A3F96}.Debug|iPhone.ActiveCfg = Debug|Any CPU
		{BFD76C7D-BFC2-498C-A4B9-CAD5E06A3F96}.Debug|iPhone.Build.0 = Debug|Any CPU
		{BFD76C7D-BFC2-498C-A4B9-CAD5E06A3F96}.Debug|iPhoneSimulator.ActiveCfg = Debug|Any CPU
		{BFD76C7D-BFC2-498C-A4B9-CAD5E06A3F96}.Debug|iPhoneSimulator.Build.0 = Debug|Any CPU
		{BFD76C7D-BFC2-498C-A4B9-CAD5E06A3F96}.Debug|x64.ActiveCfg = Debug|Any CPU
		{BFD76C7D-BFC2-498C-A4B9-CAD5E06A3F96}.Debug|x64.Build.0 = Debug|Any CPU
		{BFD76C7D-BFC2-498C-A4B9-CAD5E06A3F96}.Debug|x86.ActiveCfg = Debug|Any CPU
		{BFD76C7D-BFC2-498C-A4B9-CAD5E06A3F96}.Debug|x86.Build.0 = Debug|Any CPU
		{BFD76C7D-BFC2-498C-A4B9-CAD5E06A3F96}.Debyg|Any CPU.ActiveCfg = Debyg|Any CPU
		{BFD76C7D-BFC2-498C-A4B9-CAD5E06A3F96}.Debyg|Any CPU.Build.0 = Debyg|Any CPU
		{BFD76C7D-BFC2-498C-A4B9-CAD5E06A3F96}.Debyg|ARM.ActiveCfg = Debyg|Any CPU
		{BFD76C7D-BFC2-498C-A4B9-CAD5E06A3F96}.Debyg|ARM.Build.0 = Debyg|Any CPU
		{BFD76C7D-BFC2-498C-A4B9-CAD5E06A3F96}.Debyg|iPhone.ActiveCfg = Debyg|Any CPU
		{BFD76C7D-BFC2-498C-A4B9-CAD5E06A3F96}.Debyg|iPhone.Build.0 = Debyg|Any CPU
		{BFD76C7D-BFC2-498C-A4B9-CAD5E06A3F96}.Debyg|iPhoneSimulator.ActiveCfg = Debyg|Any CPU
		{BFD76C7D-BFC2-498C-A4B9-CAD5E06A3F96}.Debyg|iPhoneSimulator.Build.0 = Debyg|Any CPU
		{BFD76C7D-BFC2-498C-A4B9-CAD5E06A3F96}.Debyg|x64.ActiveCfg = Debyg|Any CPU
		{BFD76C7D-BFC2-498C-A4B9-CAD5E06A3F96}.Debyg|x64.Build.0 = Debyg|Any CPU
		{BFD76C7D-BFC2-498C-A4B9-CAD5E06A3F96}.Debyg|x86.ActiveCfg = Debyg|Any CPU
		{BFD76C7D-BFC2-498C-A4B9-CAD5E06A3F96}.Debyg|x86.Build.0 = Debyg|Any CPU
		{BFD76C7D-BFC2-498C-A4B9-CAD5E06A3F96}.Release|Any CPU.ActiveCfg = Release|Any CPU
		{BFD76C7D-BFC2-498C-A4B9-CAD5E06A3F96}.Release|Any CPU.Build.0 = Release|Any CPU
		{BFD76C7D-BFC2-498C-A4B9-CAD5E06A3F96}.Release|ARM.ActiveCfg = Release|Any CPU
		{BFD76C7D-BFC2-498C-A4B9-CAD5E06A3F96}.Release|ARM.Build.0 = Release|Any CPU
		{BFD76C7D-BFC2-498C-A4B9-CAD5E06A3F96}.Release|iPhone.ActiveCfg = Release|Any CPU
		{BFD76C7D-BFC2-498C-A4B9-CAD5E06A3F96}.Release|iPhone.Build.0 = Release|Any CPU
		{BFD76C7D-BFC2-498C-A4B9-CAD5E06A3F96}.Release|iPhoneSimulator.ActiveCfg = Release|Any CPU
		{BFD76C7D-BFC2-498C-A4B9-CAD5E06A3F96}.Release|iPhoneSimulator.Build.0 = Release|Any CPU
		{BFD76C7D-BFC2-498C-A4B9-CAD5E06A3F96}.Release|x64.ActiveCfg = Release|Any CPU
		{BFD76C7D-BFC2-498C-A4B9-CAD5E06A3F96}.Release|x64.Build.0 = Release|Any CPU
		{BFD76C7D-BFC2-498C-A4B9-CAD5E06A3F96}.Release|x86.ActiveCfg = Release|Any CPU
		{BFD76C7D-BFC2-498C-A4B9-CAD5E06A3F96}.Release|x86.Build.0 = Release|Any CPU
		{1F5710CD-1ACE-4671-AA15-08D8DD089788}.Ad-Hoc|Any CPU.ActiveCfg = Release|Any CPU
		{1F5710CD-1ACE-4671-AA15-08D8DD089788}.Ad-Hoc|Any CPU.Build.0 = Release|Any CPU
		{1F5710CD-1ACE-4671-AA15-08D8DD089788}.Ad-Hoc|ARM.ActiveCfg = Release|Any CPU
		{1F5710CD-1ACE-4671-AA15-08D8DD089788}.Ad-Hoc|ARM.Build.0 = Release|Any CPU
		{1F5710CD-1ACE-4671-AA15-08D8DD089788}.Ad-Hoc|iPhone.ActiveCfg = Release|Any CPU
		{1F5710CD-1ACE-4671-AA15-08D8DD089788}.Ad-Hoc|iPhone.Build.0 = Release|Any CPU
		{1F5710CD-1ACE-4671-AA15-08D8DD089788}.Ad-Hoc|iPhoneSimulator.ActiveCfg = Release|Any CPU
		{1F5710CD-1ACE-4671-AA15-08D8DD089788}.Ad-Hoc|iPhoneSimulator.Build.0 = Release|Any CPU
		{1F5710CD-1ACE-4671-AA15-08D8DD089788}.Ad-Hoc|x64.ActiveCfg = Release|Any CPU
		{1F5710CD-1ACE-4671-AA15-08D8DD089788}.Ad-Hoc|x64.Build.0 = Release|Any CPU
		{1F5710CD-1ACE-4671-AA15-08D8DD089788}.Ad-Hoc|x86.ActiveCfg = Release|Any CPU
		{1F5710CD-1ACE-4671-AA15-08D8DD089788}.Ad-Hoc|x86.Build.0 = Release|Any CPU
		{1F5710CD-1ACE-4671-AA15-08D8DD089788}.AppStore|Any CPU.ActiveCfg = Release|Any CPU
		{1F5710CD-1ACE-4671-AA15-08D8DD089788}.AppStore|Any CPU.Build.0 = Release|Any CPU
		{1F5710CD-1ACE-4671-AA15-08D8DD089788}.AppStore|ARM.ActiveCfg = Release|Any CPU
		{1F5710CD-1ACE-4671-AA15-08D8DD089788}.AppStore|ARM.Build.0 = Release|Any CPU
		{1F5710CD-1ACE-4671-AA15-08D8DD089788}.AppStore|iPhone.ActiveCfg = Release|Any CPU
		{1F5710CD-1ACE-4671-AA15-08D8DD089788}.AppStore|iPhone.Build.0 = Release|Any CPU
		{1F5710CD-1ACE-4671-AA15-08D8DD089788}.AppStore|iPhoneSimulator.ActiveCfg = Release|Any CPU
		{1F5710CD-1ACE-4671-AA15-08D8DD089788}.AppStore|iPhoneSimulator.Build.0 = Release|Any CPU
		{1F5710CD-1ACE-4671-AA15-08D8DD089788}.AppStore|x64.ActiveCfg = Release|Any CPU
		{1F5710CD-1ACE-4671-AA15-08D8DD089788}.AppStore|x64.Build.0 = Release|Any CPU
		{1F5710CD-1ACE-4671-AA15-08D8DD089788}.AppStore|x86.ActiveCfg = Release|Any CPU
		{1F5710CD-1ACE-4671-AA15-08D8DD089788}.AppStore|x86.Build.0 = Release|Any CPU
		{1F5710CD-1ACE-4671-AA15-08D8DD089788}.Debug|Any CPU.ActiveCfg = Debug|Any CPU
		{1F5710CD-1ACE-4671-AA15-08D8DD089788}.Debug|Any CPU.Build.0 = Debug|Any CPU
		{1F5710CD-1ACE-4671-AA15-08D8DD089788}.Debug|ARM.ActiveCfg = Debug|Any CPU
		{1F5710CD-1ACE-4671-AA15-08D8DD089788}.Debug|ARM.Build.0 = Debug|Any CPU
		{1F5710CD-1ACE-4671-AA15-08D8DD089788}.Debug|iPhone.ActiveCfg = Debug|Any CPU
		{1F5710CD-1ACE-4671-AA15-08D8DD089788}.Debug|iPhone.Build.0 = Debug|Any CPU
		{1F5710CD-1ACE-4671-AA15-08D8DD089788}.Debug|iPhoneSimulator.ActiveCfg = Debug|Any CPU
		{1F5710CD-1ACE-4671-AA15-08D8DD089788}.Debug|iPhoneSimulator.Build.0 = Debug|Any CPU
		{1F5710CD-1ACE-4671-AA15-08D8DD089788}.Debug|x64.ActiveCfg = Debug|Any CPU
		{1F5710CD-1ACE-4671-AA15-08D8DD089788}.Debug|x64.Build.0 = Debug|Any CPU
		{1F5710CD-1ACE-4671-AA15-08D8DD089788}.Debug|x86.ActiveCfg = Debug|Any CPU
		{1F5710CD-1ACE-4671-AA15-08D8DD089788}.Debug|x86.Build.0 = Debug|Any CPU
		{1F5710CD-1ACE-4671-AA15-08D8DD089788}.Debyg|Any CPU.ActiveCfg = Debyg|Any CPU
		{1F5710CD-1ACE-4671-AA15-08D8DD089788}.Debyg|Any CPU.Build.0 = Debyg|Any CPU
		{1F5710CD-1ACE-4671-AA15-08D8DD089788}.Debyg|ARM.ActiveCfg = Debyg|Any CPU
		{1F5710CD-1ACE-4671-AA15-08D8DD089788}.Debyg|ARM.Build.0 = Debyg|Any CPU
		{1F5710CD-1ACE-4671-AA15-08D8DD089788}.Debyg|iPhone.ActiveCfg = Debyg|Any CPU
		{1F5710CD-1ACE-4671-AA15-08D8DD089788}.Debyg|iPhone.Build.0 = Debyg|Any CPU
		{1F5710CD-1ACE-4671-AA15-08D8DD089788}.Debyg|iPhoneSimulator.ActiveCfg = Debyg|Any CPU
		{1F5710CD-1ACE-4671-AA15-08D8DD089788}.Debyg|iPhoneSimulator.Build.0 = Debyg|Any CPU
		{1F5710CD-1ACE-4671-AA15-08D8DD089788}.Debyg|x64.ActiveCfg = Debyg|Any CPU
		{1F5710CD-1ACE-4671-AA15-08D8DD089788}.Debyg|x64.Build.0 = Debyg|Any CPU
		{1F5710CD-1ACE-4671-AA15-08D8DD089788}.Debyg|x86.ActiveCfg = Debyg|Any CPU
		{1F5710CD-1ACE-4671-AA15-08D8DD089788}.Debyg|x86.Build.0 = Debyg|Any CPU
		{1F5710CD-1ACE-4671-AA15-08D8DD089788}.Release|Any CPU.ActiveCfg = Release|Any CPU
		{1F5710CD-1ACE-4671-AA15-08D8DD089788}.Release|Any CPU.Build.0 = Release|Any CPU
		{1F5710CD-1ACE-4671-AA15-08D8DD089788}.Release|ARM.ActiveCfg = Release|Any CPU
		{1F5710CD-1ACE-4671-AA15-08D8DD089788}.Release|ARM.Build.0 = Release|Any CPU
		{1F5710CD-1ACE-4671-AA15-08D8DD089788}.Release|iPhone.ActiveCfg = Release|Any CPU
		{1F5710CD-1ACE-4671-AA15-08D8DD089788}.Release|iPhone.Build.0 = Release|Any CPU
		{1F5710CD-1ACE-4671-AA15-08D8DD089788}.Release|iPhoneSimulator.ActiveCfg = Release|Any CPU
		{1F5710CD-1ACE-4671-AA15-08D8DD089788}.Release|iPhoneSimulator.Build.0 = Release|Any CPU
		{1F5710CD-1ACE-4671-AA15-08D8DD089788}.Release|x64.ActiveCfg = Release|Any CPU
		{1F5710CD-1ACE-4671-AA15-08D8DD089788}.Release|x64.Build.0 = Release|Any CPU
		{1F5710CD-1ACE-4671-AA15-08D8DD089788}.Release|x86.ActiveCfg = Release|Any CPU
		{1F5710CD-1ACE-4671-AA15-08D8DD089788}.Release|x86.Build.0 = Release|Any CPU
		{6A4BE5A1-63B5-4A68-A44E-D554262AE076}.Ad-Hoc|Any CPU.ActiveCfg = Release|Any CPU
		{6A4BE5A1-63B5-4A68-A44E-D554262AE076}.Ad-Hoc|Any CPU.Build.0 = Release|Any CPU
		{6A4BE5A1-63B5-4A68-A44E-D554262AE076}.Ad-Hoc|ARM.ActiveCfg = Release|Any CPU
		{6A4BE5A1-63B5-4A68-A44E-D554262AE076}.Ad-Hoc|ARM.Build.0 = Release|Any CPU
		{6A4BE5A1-63B5-4A68-A44E-D554262AE076}.Ad-Hoc|iPhone.ActiveCfg = Release|Any CPU
		{6A4BE5A1-63B5-4A68-A44E-D554262AE076}.Ad-Hoc|iPhone.Build.0 = Release|Any CPU
		{6A4BE5A1-63B5-4A68-A44E-D554262AE076}.Ad-Hoc|iPhoneSimulator.ActiveCfg = Release|Any CPU
		{6A4BE5A1-63B5-4A68-A44E-D554262AE076}.Ad-Hoc|iPhoneSimulator.Build.0 = Release|Any CPU
		{6A4BE5A1-63B5-4A68-A44E-D554262AE076}.Ad-Hoc|x64.ActiveCfg = Release|Any CPU
		{6A4BE5A1-63B5-4A68-A44E-D554262AE076}.Ad-Hoc|x64.Build.0 = Release|Any CPU
		{6A4BE5A1-63B5-4A68-A44E-D554262AE076}.Ad-Hoc|x86.ActiveCfg = Release|Any CPU
		{6A4BE5A1-63B5-4A68-A44E-D554262AE076}.Ad-Hoc|x86.Build.0 = Release|Any CPU
		{6A4BE5A1-63B5-4A68-A44E-D554262AE076}.AppStore|Any CPU.ActiveCfg = Release|Any CPU
		{6A4BE5A1-63B5-4A68-A44E-D554262AE076}.AppStore|Any CPU.Build.0 = Release|Any CPU
		{6A4BE5A1-63B5-4A68-A44E-D554262AE076}.AppStore|ARM.ActiveCfg = Release|Any CPU
		{6A4BE5A1-63B5-4A68-A44E-D554262AE076}.AppStore|ARM.Build.0 = Release|Any CPU
		{6A4BE5A1-63B5-4A68-A44E-D554262AE076}.AppStore|iPhone.ActiveCfg = Release|Any CPU
		{6A4BE5A1-63B5-4A68-A44E-D554262AE076}.AppStore|iPhone.Build.0 = Release|Any CPU
		{6A4BE5A1-63B5-4A68-A44E-D554262AE076}.AppStore|iPhoneSimulator.ActiveCfg = Release|Any CPU
		{6A4BE5A1-63B5-4A68-A44E-D554262AE076}.AppStore|iPhoneSimulator.Build.0 = Release|Any CPU
		{6A4BE5A1-63B5-4A68-A44E-D554262AE076}.AppStore|x64.ActiveCfg = Release|Any CPU
		{6A4BE5A1-63B5-4A68-A44E-D554262AE076}.AppStore|x64.Build.0 = Release|Any CPU
		{6A4BE5A1-63B5-4A68-A44E-D554262AE076}.AppStore|x86.ActiveCfg = Release|Any CPU
		{6A4BE5A1-63B5-4A68-A44E-D554262AE076}.AppStore|x86.Build.0 = Release|Any CPU
		{6A4BE5A1-63B5-4A68-A44E-D554262AE076}.Debug|Any CPU.ActiveCfg = Debug|Any CPU
		{6A4BE5A1-63B5-4A68-A44E-D554262AE076}.Debug|Any CPU.Build.0 = Debug|Any CPU
		{6A4BE5A1-63B5-4A68-A44E-D554262AE076}.Debug|ARM.ActiveCfg = Debug|Any CPU
		{6A4BE5A1-63B5-4A68-A44E-D554262AE076}.Debug|ARM.Build.0 = Debug|Any CPU
		{6A4BE5A1-63B5-4A68-A44E-D554262AE076}.Debug|iPhone.ActiveCfg = Debug|Any CPU
		{6A4BE5A1-63B5-4A68-A44E-D554262AE076}.Debug|iPhone.Build.0 = Debug|Any CPU
		{6A4BE5A1-63B5-4A68-A44E-D554262AE076}.Debug|iPhoneSimulator.ActiveCfg = Debug|Any CPU
		{6A4BE5A1-63B5-4A68-A44E-D554262AE076}.Debug|iPhoneSimulator.Build.0 = Debug|Any CPU
		{6A4BE5A1-63B5-4A68-A44E-D554262AE076}.Debug|x64.ActiveCfg = Debug|Any CPU
		{6A4BE5A1-63B5-4A68-A44E-D554262AE076}.Debug|x64.Build.0 = Debug|Any CPU
		{6A4BE5A1-63B5-4A68-A44E-D554262AE076}.Debug|x86.ActiveCfg = Debug|Any CPU
		{6A4BE5A1-63B5-4A68-A44E-D554262AE076}.Debug|x86.Build.0 = Debug|Any CPU
		{6A4BE5A1-63B5-4A68-A44E-D554262AE076}.Debyg|Any CPU.ActiveCfg = Debyg|Any CPU
		{6A4BE5A1-63B5-4A68-A44E-D554262AE076}.Debyg|Any CPU.Build.0 = Debyg|Any CPU
		{6A4BE5A1-63B5-4A68-A44E-D554262AE076}.Debyg|ARM.ActiveCfg = Debyg|Any CPU
		{6A4BE5A1-63B5-4A68-A44E-D554262AE076}.Debyg|ARM.Build.0 = Debyg|Any CPU
		{6A4BE5A1-63B5-4A68-A44E-D554262AE076}.Debyg|iPhone.ActiveCfg = Debyg|Any CPU
		{6A4BE5A1-63B5-4A68-A44E-D554262AE076}.Debyg|iPhone.Build.0 = Debyg|Any CPU
		{6A4BE5A1-63B5-4A68-A44E-D554262AE076}.Debyg|iPhoneSimulator.ActiveCfg = Debyg|Any CPU
		{6A4BE5A1-63B5-4A68-A44E-D554262AE076}.Debyg|iPhoneSimulator.Build.0 = Debyg|Any CPU
		{6A4BE5A1-63B5-4A68-A44E-D554262AE076}.Debyg|x64.ActiveCfg = Debyg|Any CPU
		{6A4BE5A1-63B5-4A68-A44E-D554262AE076}.Debyg|x64.Build.0 = Debyg|Any CPU
		{6A4BE5A1-63B5-4A68-A44E-D554262AE076}.Debyg|x86.ActiveCfg = Debyg|Any CPU
		{6A4BE5A1-63B5-4A68-A44E-D554262AE076}.Debyg|x86.Build.0 = Debyg|Any CPU
		{6A4BE5A1-63B5-4A68-A44E-D554262AE076}.Release|Any CPU.ActiveCfg = Release|Any CPU
		{6A4BE5A1-63B5-4A68-A44E-D554262AE076}.Release|Any CPU.Build.0 = Release|Any CPU
		{6A4BE5A1-63B5-4A68-A44E-D554262AE076}.Release|ARM.ActiveCfg = Release|Any CPU
		{6A4BE5A1-63B5-4A68-A44E-D554262AE076}.Release|ARM.Build.0 = Release|Any CPU
		{6A4BE5A1-63B5-4A68-A44E-D554262AE076}.Release|iPhone.ActiveCfg = Release|Any CPU
		{6A4BE5A1-63B5-4A68-A44E-D554262AE076}.Release|iPhone.Build.0 = Release|Any CPU
		{6A4BE5A1-63B5-4A68-A44E-D554262AE076}.Release|iPhoneSimulator.ActiveCfg = Release|Any CPU
		{6A4BE5A1-63B5-4A68-A44E-D554262AE076}.Release|iPhoneSimulator.Build.0 = Release|Any CPU
		{6A4BE5A1-63B5-4A68-A44E-D554262AE076}.Release|x64.ActiveCfg = Release|Any CPU
		{6A4BE5A1-63B5-4A68-A44E-D554262AE076}.Release|x64.Build.0 = Release|Any CPU
		{6A4BE5A1-63B5-4A68-A44E-D554262AE076}.Release|x86.ActiveCfg = Release|Any CPU
		{6A4BE5A1-63B5-4A68-A44E-D554262AE076}.Release|x86.Build.0 = Release|Any CPU
		{099EF5BF-9599-4D2A-9E4D-24A3CDF1A229}.Ad-Hoc|Any CPU.ActiveCfg = Release|Any CPU
		{099EF5BF-9599-4D2A-9E4D-24A3CDF1A229}.Ad-Hoc|Any CPU.Build.0 = Release|Any CPU
		{099EF5BF-9599-4D2A-9E4D-24A3CDF1A229}.Ad-Hoc|ARM.ActiveCfg = Release|Any CPU
		{099EF5BF-9599-4D2A-9E4D-24A3CDF1A229}.Ad-Hoc|ARM.Build.0 = Release|Any CPU
		{099EF5BF-9599-4D2A-9E4D-24A3CDF1A229}.Ad-Hoc|iPhone.ActiveCfg = Release|Any CPU
		{099EF5BF-9599-4D2A-9E4D-24A3CDF1A229}.Ad-Hoc|iPhone.Build.0 = Release|Any CPU
		{099EF5BF-9599-4D2A-9E4D-24A3CDF1A229}.Ad-Hoc|iPhoneSimulator.ActiveCfg = Release|Any CPU
		{099EF5BF-9599-4D2A-9E4D-24A3CDF1A229}.Ad-Hoc|iPhoneSimulator.Build.0 = Release|Any CPU
		{099EF5BF-9599-4D2A-9E4D-24A3CDF1A229}.Ad-Hoc|x64.ActiveCfg = Release|Any CPU
		{099EF5BF-9599-4D2A-9E4D-24A3CDF1A229}.Ad-Hoc|x64.Build.0 = Release|Any CPU
		{099EF5BF-9599-4D2A-9E4D-24A3CDF1A229}.Ad-Hoc|x86.ActiveCfg = Release|Any CPU
		{099EF5BF-9599-4D2A-9E4D-24A3CDF1A229}.Ad-Hoc|x86.Build.0 = Release|Any CPU
		{099EF5BF-9599-4D2A-9E4D-24A3CDF1A229}.AppStore|Any CPU.ActiveCfg = Release|Any CPU
		{099EF5BF-9599-4D2A-9E4D-24A3CDF1A229}.AppStore|Any CPU.Build.0 = Release|Any CPU
		{099EF5BF-9599-4D2A-9E4D-24A3CDF1A229}.AppStore|ARM.ActiveCfg = Release|Any CPU
		{099EF5BF-9599-4D2A-9E4D-24A3CDF1A229}.AppStore|ARM.Build.0 = Release|Any CPU
		{099EF5BF-9599-4D2A-9E4D-24A3CDF1A229}.AppStore|iPhone.ActiveCfg = Release|Any CPU
		{099EF5BF-9599-4D2A-9E4D-24A3CDF1A229}.AppStore|iPhone.Build.0 = Release|Any CPU
		{099EF5BF-9599-4D2A-9E4D-24A3CDF1A229}.AppStore|iPhoneSimulator.ActiveCfg = Release|Any CPU
		{099EF5BF-9599-4D2A-9E4D-24A3CDF1A229}.AppStore|iPhoneSimulator.Build.0 = Release|Any CPU
		{099EF5BF-9599-4D2A-9E4D-24A3CDF1A229}.AppStore|x64.ActiveCfg = Release|Any CPU
		{099EF5BF-9599-4D2A-9E4D-24A3CDF1A229}.AppStore|x64.Build.0 = Release|Any CPU
		{099EF5BF-9599-4D2A-9E4D-24A3CDF1A229}.AppStore|x86.ActiveCfg = Release|Any CPU
		{099EF5BF-9599-4D2A-9E4D-24A3CDF1A229}.AppStore|x86.Build.0 = Release|Any CPU
		{099EF5BF-9599-4D2A-9E4D-24A3CDF1A229}.Debug|Any CPU.ActiveCfg = Debug|Any CPU
		{099EF5BF-9599-4D2A-9E4D-24A3CDF1A229}.Debug|Any CPU.Build.0 = Debug|Any CPU
		{099EF5BF-9599-4D2A-9E4D-24A3CDF1A229}.Debug|ARM.ActiveCfg = Debug|Any CPU
		{099EF5BF-9599-4D2A-9E4D-24A3CDF1A229}.Debug|ARM.Build.0 = Debug|Any CPU
		{099EF5BF-9599-4D2A-9E4D-24A3CDF1A229}.Debug|iPhone.ActiveCfg = Debug|Any CPU
		{099EF5BF-9599-4D2A-9E4D-24A3CDF1A229}.Debug|iPhone.Build.0 = Debug|Any CPU
		{099EF5BF-9599-4D2A-9E4D-24A3CDF1A229}.Debug|iPhoneSimulator.ActiveCfg = Debug|Any CPU
		{099EF5BF-9599-4D2A-9E4D-24A3CDF1A229}.Debug|iPhoneSimulator.Build.0 = Debug|Any CPU
		{099EF5BF-9599-4D2A-9E4D-24A3CDF1A229}.Debug|x64.ActiveCfg = Debug|Any CPU
		{099EF5BF-9599-4D2A-9E4D-24A3CDF1A229}.Debug|x64.Build.0 = Debug|Any CPU
		{099EF5BF-9599-4D2A-9E4D-24A3CDF1A229}.Debug|x86.ActiveCfg = Debug|Any CPU
		{099EF5BF-9599-4D2A-9E4D-24A3CDF1A229}.Debug|x86.Build.0 = Debug|Any CPU
		{099EF5BF-9599-4D2A-9E4D-24A3CDF1A229}.Debyg|Any CPU.ActiveCfg = Debyg|Any CPU
		{099EF5BF-9599-4D2A-9E4D-24A3CDF1A229}.Debyg|Any CPU.Build.0 = Debyg|Any CPU
		{099EF5BF-9599-4D2A-9E4D-24A3CDF1A229}.Debyg|ARM.ActiveCfg = Debyg|Any CPU
		{099EF5BF-9599-4D2A-9E4D-24A3CDF1A229}.Debyg|ARM.Build.0 = Debyg|Any CPU
		{099EF5BF-9599-4D2A-9E4D-24A3CDF1A229}.Debyg|iPhone.ActiveCfg = Debyg|Any CPU
		{099EF5BF-9599-4D2A-9E4D-24A3CDF1A229}.Debyg|iPhone.Build.0 = Debyg|Any CPU
		{099EF5BF-9599-4D2A-9E4D-24A3CDF1A229}.Debyg|iPhoneSimulator.ActiveCfg = Debyg|Any CPU
		{099EF5BF-9599-4D2A-9E4D-24A3CDF1A229}.Debyg|iPhoneSimulator.Build.0 = Debyg|Any CPU
		{099EF5BF-9599-4D2A-9E4D-24A3CDF1A229}.Debyg|x64.ActiveCfg = Debyg|Any CPU
		{099EF5BF-9599-4D2A-9E4D-24A3CDF1A229}.Debyg|x64.Build.0 = Debyg|Any CPU
		{099EF5BF-9599-4D2A-9E4D-24A3CDF1A229}.Debyg|x86.ActiveCfg = Debyg|Any CPU
		{099EF5BF-9599-4D2A-9E4D-24A3CDF1A229}.Debyg|x86.Build.0 = Debyg|Any CPU
		{099EF5BF-9599-4D2A-9E4D-24A3CDF1A229}.Release|Any CPU.ActiveCfg = Release|Any CPU
		{099EF5BF-9599-4D2A-9E4D-24A3CDF1A229}.Release|Any CPU.Build.0 = Release|Any CPU
		{099EF5BF-9599-4D2A-9E4D-24A3CDF1A229}.Release|ARM.ActiveCfg = Release|Any CPU
		{099EF5BF-9599-4D2A-9E4D-24A3CDF1A229}.Release|ARM.Build.0 = Release|Any CPU
		{099EF5BF-9599-4D2A-9E4D-24A3CDF1A229}.Release|iPhone.ActiveCfg = Release|Any CPU
		{099EF5BF-9599-4D2A-9E4D-24A3CDF1A229}.Release|iPhone.Build.0 = Release|Any CPU
		{099EF5BF-9599-4D2A-9E4D-24A3CDF1A229}.Release|iPhoneSimulator.ActiveCfg = Release|Any CPU
		{099EF5BF-9599-4D2A-9E4D-24A3CDF1A229}.Release|iPhoneSimulator.Build.0 = Release|Any CPU
		{099EF5BF-9599-4D2A-9E4D-24A3CDF1A229}.Release|x64.ActiveCfg = Release|Any CPU
		{099EF5BF-9599-4D2A-9E4D-24A3CDF1A229}.Release|x64.Build.0 = Release|Any CPU
		{099EF5BF-9599-4D2A-9E4D-24A3CDF1A229}.Release|x86.ActiveCfg = Release|Any CPU
		{099EF5BF-9599-4D2A-9E4D-24A3CDF1A229}.Release|x86.Build.0 = Release|Any CPU
		{F47D8340-7772-4817-8AB9-0051D0D601A5}.Ad-Hoc|Any CPU.ActiveCfg = Release|Any CPU
		{F47D8340-7772-4817-8AB9-0051D0D601A5}.Ad-Hoc|Any CPU.Build.0 = Release|Any CPU
		{F47D8340-7772-4817-8AB9-0051D0D601A5}.Ad-Hoc|ARM.ActiveCfg = Release|Any CPU
		{F47D8340-7772-4817-8AB9-0051D0D601A5}.Ad-Hoc|ARM.Build.0 = Release|Any CPU
		{F47D8340-7772-4817-8AB9-0051D0D601A5}.Ad-Hoc|iPhone.ActiveCfg = Release|Any CPU
		{F47D8340-7772-4817-8AB9-0051D0D601A5}.Ad-Hoc|iPhone.Build.0 = Release|Any CPU
		{F47D8340-7772-4817-8AB9-0051D0D601A5}.Ad-Hoc|iPhoneSimulator.ActiveCfg = Release|Any CPU
		{F47D8340-7772-4817-8AB9-0051D0D601A5}.Ad-Hoc|iPhoneSimulator.Build.0 = Release|Any CPU
		{F47D8340-7772-4817-8AB9-0051D0D601A5}.Ad-Hoc|x64.ActiveCfg = Release|Any CPU
		{F47D8340-7772-4817-8AB9-0051D0D601A5}.Ad-Hoc|x64.Build.0 = Release|Any CPU
		{F47D8340-7772-4817-8AB9-0051D0D601A5}.Ad-Hoc|x86.ActiveCfg = Release|Any CPU
		{F47D8340-7772-4817-8AB9-0051D0D601A5}.Ad-Hoc|x86.Build.0 = Release|Any CPU
		{F47D8340-7772-4817-8AB9-0051D0D601A5}.AppStore|Any CPU.ActiveCfg = Release|Any CPU
		{F47D8340-7772-4817-8AB9-0051D0D601A5}.AppStore|Any CPU.Build.0 = Release|Any CPU
		{F47D8340-7772-4817-8AB9-0051D0D601A5}.AppStore|ARM.ActiveCfg = Release|Any CPU
		{F47D8340-7772-4817-8AB9-0051D0D601A5}.AppStore|ARM.Build.0 = Release|Any CPU
		{F47D8340-7772-4817-8AB9-0051D0D601A5}.AppStore|iPhone.ActiveCfg = Release|Any CPU
		{F47D8340-7772-4817-8AB9-0051D0D601A5}.AppStore|iPhone.Build.0 = Release|Any CPU
		{F47D8340-7772-4817-8AB9-0051D0D601A5}.AppStore|iPhoneSimulator.ActiveCfg = Release|Any CPU
		{F47D8340-7772-4817-8AB9-0051D0D601A5}.AppStore|iPhoneSimulator.Build.0 = Release|Any CPU
		{F47D8340-7772-4817-8AB9-0051D0D601A5}.AppStore|x64.ActiveCfg = Release|Any CPU
		{F47D8340-7772-4817-8AB9-0051D0D601A5}.AppStore|x64.Build.0 = Release|Any CPU
		{F47D8340-7772-4817-8AB9-0051D0D601A5}.AppStore|x86.ActiveCfg = Release|Any CPU
		{F47D8340-7772-4817-8AB9-0051D0D601A5}.AppStore|x86.Build.0 = Release|Any CPU
		{F47D8340-7772-4817-8AB9-0051D0D601A5}.Debug|Any CPU.ActiveCfg = Debug|Any CPU
		{F47D8340-7772-4817-8AB9-0051D0D601A5}.Debug|Any CPU.Build.0 = Debug|Any CPU
		{F47D8340-7772-4817-8AB9-0051D0D601A5}.Debug|ARM.ActiveCfg = Debug|Any CPU
		{F47D8340-7772-4817-8AB9-0051D0D601A5}.Debug|ARM.Build.0 = Debug|Any CPU
		{F47D8340-7772-4817-8AB9-0051D0D601A5}.Debug|iPhone.ActiveCfg = Debug|Any CPU
		{F47D8340-7772-4817-8AB9-0051D0D601A5}.Debug|iPhone.Build.0 = Debug|Any CPU
		{F47D8340-7772-4817-8AB9-0051D0D601A5}.Debug|iPhoneSimulator.ActiveCfg = Debug|Any CPU
		{F47D8340-7772-4817-8AB9-0051D0D601A5}.Debug|iPhoneSimulator.Build.0 = Debug|Any CPU
		{F47D8340-7772-4817-8AB9-0051D0D601A5}.Debug|x64.ActiveCfg = Debug|Any CPU
		{F47D8340-7772-4817-8AB9-0051D0D601A5}.Debug|x64.Build.0 = Debug|Any CPU
		{F47D8340-7772-4817-8AB9-0051D0D601A5}.Debug|x86.ActiveCfg = Debug|Any CPU
		{F47D8340-7772-4817-8AB9-0051D0D601A5}.Debug|x86.Build.0 = Debug|Any CPU
		{F47D8340-7772-4817-8AB9-0051D0D601A5}.Debyg|Any CPU.ActiveCfg = Debyg|Any CPU
		{F47D8340-7772-4817-8AB9-0051D0D601A5}.Debyg|Any CPU.Build.0 = Debyg|Any CPU
		{F47D8340-7772-4817-8AB9-0051D0D601A5}.Debyg|ARM.ActiveCfg = Debyg|Any CPU
		{F47D8340-7772-4817-8AB9-0051D0D601A5}.Debyg|ARM.Build.0 = Debyg|Any CPU
		{F47D8340-7772-4817-8AB9-0051D0D601A5}.Debyg|iPhone.ActiveCfg = Debyg|Any CPU
		{F47D8340-7772-4817-8AB9-0051D0D601A5}.Debyg|iPhone.Build.0 = Debyg|Any CPU
		{F47D8340-7772-4817-8AB9-0051D0D601A5}.Debyg|iPhoneSimulator.ActiveCfg = Debyg|Any CPU
		{F47D8340-7772-4817-8AB9-0051D0D601A5}.Debyg|iPhoneSimulator.Build.0 = Debyg|Any CPU
		{F47D8340-7772-4817-8AB9-0051D0D601A5}.Debyg|x64.ActiveCfg = Debyg|Any CPU
		{F47D8340-7772-4817-8AB9-0051D0D601A5}.Debyg|x64.Build.0 = Debyg|Any CPU
		{F47D8340-7772-4817-8AB9-0051D0D601A5}.Debyg|x86.ActiveCfg = Debyg|Any CPU
		{F47D8340-7772-4817-8AB9-0051D0D601A5}.Debyg|x86.Build.0 = Debyg|Any CPU
		{F47D8340-7772-4817-8AB9-0051D0D601A5}.Release|Any CPU.ActiveCfg = Release|Any CPU
		{F47D8340-7772-4817-8AB9-0051D0D601A5}.Release|Any CPU.Build.0 = Release|Any CPU
		{F47D8340-7772-4817-8AB9-0051D0D601A5}.Release|ARM.ActiveCfg = Release|Any CPU
		{F47D8340-7772-4817-8AB9-0051D0D601A5}.Release|ARM.Build.0 = Release|Any CPU
		{F47D8340-7772-4817-8AB9-0051D0D601A5}.Release|iPhone.ActiveCfg = Release|Any CPU
		{F47D8340-7772-4817-8AB9-0051D0D601A5}.Release|iPhone.Build.0 = Release|Any CPU
		{F47D8340-7772-4817-8AB9-0051D0D601A5}.Release|iPhoneSimulator.ActiveCfg = Release|Any CPU
		{F47D8340-7772-4817-8AB9-0051D0D601A5}.Release|iPhoneSimulator.Build.0 = Release|Any CPU
		{F47D8340-7772-4817-8AB9-0051D0D601A5}.Release|x64.ActiveCfg = Release|Any CPU
		{F47D8340-7772-4817-8AB9-0051D0D601A5}.Release|x64.Build.0 = Release|Any CPU
		{F47D8340-7772-4817-8AB9-0051D0D601A5}.Release|x86.ActiveCfg = Release|Any CPU
		{F47D8340-7772-4817-8AB9-0051D0D601A5}.Release|x86.Build.0 = Release|Any CPU
		{1A887E25-B11F-4D47-B425-6F3C6749D62E}.Ad-Hoc|Any CPU.ActiveCfg = Release|Any CPU
		{1A887E25-B11F-4D47-B425-6F3C6749D62E}.Ad-Hoc|Any CPU.Build.0 = Release|Any CPU
		{1A887E25-B11F-4D47-B425-6F3C6749D62E}.Ad-Hoc|ARM.ActiveCfg = Release|Any CPU
		{1A887E25-B11F-4D47-B425-6F3C6749D62E}.Ad-Hoc|ARM.Build.0 = Release|Any CPU
		{1A887E25-B11F-4D47-B425-6F3C6749D62E}.Ad-Hoc|iPhone.ActiveCfg = Release|Any CPU
		{1A887E25-B11F-4D47-B425-6F3C6749D62E}.Ad-Hoc|iPhone.Build.0 = Release|Any CPU
		{1A887E25-B11F-4D47-B425-6F3C6749D62E}.Ad-Hoc|iPhoneSimulator.ActiveCfg = Release|Any CPU
		{1A887E25-B11F-4D47-B425-6F3C6749D62E}.Ad-Hoc|iPhoneSimulator.Build.0 = Release|Any CPU
		{1A887E25-B11F-4D47-B425-6F3C6749D62E}.Ad-Hoc|x64.ActiveCfg = Release|Any CPU
		{1A887E25-B11F-4D47-B425-6F3C6749D62E}.Ad-Hoc|x64.Build.0 = Release|Any CPU
		{1A887E25-B11F-4D47-B425-6F3C6749D62E}.Ad-Hoc|x86.ActiveCfg = Release|Any CPU
		{1A887E25-B11F-4D47-B425-6F3C6749D62E}.Ad-Hoc|x86.Build.0 = Release|Any CPU
		{1A887E25-B11F-4D47-B425-6F3C6749D62E}.AppStore|Any CPU.ActiveCfg = Release|Any CPU
		{1A887E25-B11F-4D47-B425-6F3C6749D62E}.AppStore|Any CPU.Build.0 = Release|Any CPU
		{1A887E25-B11F-4D47-B425-6F3C6749D62E}.AppStore|ARM.ActiveCfg = Release|Any CPU
		{1A887E25-B11F-4D47-B425-6F3C6749D62E}.AppStore|ARM.Build.0 = Release|Any CPU
		{1A887E25-B11F-4D47-B425-6F3C6749D62E}.AppStore|iPhone.ActiveCfg = Release|Any CPU
		{1A887E25-B11F-4D47-B425-6F3C6749D62E}.AppStore|iPhone.Build.0 = Release|Any CPU
		{1A887E25-B11F-4D47-B425-6F3C6749D62E}.AppStore|iPhoneSimulator.ActiveCfg = Release|Any CPU
		{1A887E25-B11F-4D47-B425-6F3C6749D62E}.AppStore|iPhoneSimulator.Build.0 = Release|Any CPU
		{1A887E25-B11F-4D47-B425-6F3C6749D62E}.AppStore|x64.ActiveCfg = Release|Any CPU
		{1A887E25-B11F-4D47-B425-6F3C6749D62E}.AppStore|x64.Build.0 = Release|Any CPU
		{1A887E25-B11F-4D47-B425-6F3C6749D62E}.AppStore|x86.ActiveCfg = Release|Any CPU
		{1A887E25-B11F-4D47-B425-6F3C6749D62E}.AppStore|x86.Build.0 = Release|Any CPU
		{1A887E25-B11F-4D47-B425-6F3C6749D62E}.Debug|Any CPU.ActiveCfg = Debug|Any CPU
		{1A887E25-B11F-4D47-B425-6F3C6749D62E}.Debug|Any CPU.Build.0 = Debug|Any CPU
		{1A887E25-B11F-4D47-B425-6F3C6749D62E}.Debug|ARM.ActiveCfg = Debug|Any CPU
		{1A887E25-B11F-4D47-B425-6F3C6749D62E}.Debug|ARM.Build.0 = Debug|Any CPU
		{1A887E25-B11F-4D47-B425-6F3C6749D62E}.Debug|iPhone.ActiveCfg = Debug|Any CPU
		{1A887E25-B11F-4D47-B425-6F3C6749D62E}.Debug|iPhone.Build.0 = Debug|Any CPU
		{1A887E25-B11F-4D47-B425-6F3C6749D62E}.Debug|iPhoneSimulator.ActiveCfg = Debug|Any CPU
		{1A887E25-B11F-4D47-B425-6F3C6749D62E}.Debug|iPhoneSimulator.Build.0 = Debug|Any CPU
		{1A887E25-B11F-4D47-B425-6F3C6749D62E}.Debug|x64.ActiveCfg = Debug|Any CPU
		{1A887E25-B11F-4D47-B425-6F3C6749D62E}.Debug|x64.Build.0 = Debug|Any CPU
		{1A887E25-B11F-4D47-B425-6F3C6749D62E}.Debug|x86.ActiveCfg = Debug|Any CPU
		{1A887E25-B11F-4D47-B425-6F3C6749D62E}.Debug|x86.Build.0 = Debug|Any CPU
		{1A887E25-B11F-4D47-B425-6F3C6749D62E}.Debyg|Any CPU.ActiveCfg = Debyg|Any CPU
		{1A887E25-B11F-4D47-B425-6F3C6749D62E}.Debyg|Any CPU.Build.0 = Debyg|Any CPU
		{1A887E25-B11F-4D47-B425-6F3C6749D62E}.Debyg|ARM.ActiveCfg = Debyg|Any CPU
		{1A887E25-B11F-4D47-B425-6F3C6749D62E}.Debyg|ARM.Build.0 = Debyg|Any CPU
		{1A887E25-B11F-4D47-B425-6F3C6749D62E}.Debyg|iPhone.ActiveCfg = Debyg|Any CPU
		{1A887E25-B11F-4D47-B425-6F3C6749D62E}.Debyg|iPhone.Build.0 = Debyg|Any CPU
		{1A887E25-B11F-4D47-B425-6F3C6749D62E}.Debyg|iPhoneSimulator.ActiveCfg = Debyg|Any CPU
		{1A887E25-B11F-4D47-B425-6F3C6749D62E}.Debyg|iPhoneSimulator.Build.0 = Debyg|Any CPU
		{1A887E25-B11F-4D47-B425-6F3C6749D62E}.Debyg|x64.ActiveCfg = Debyg|Any CPU
		{1A887E25-B11F-4D47-B425-6F3C6749D62E}.Debyg|x64.Build.0 = Debyg|Any CPU
		{1A887E25-B11F-4D47-B425-6F3C6749D62E}.Debyg|x86.ActiveCfg = Debyg|Any CPU
		{1A887E25-B11F-4D47-B425-6F3C6749D62E}.Debyg|x86.Build.0 = Debyg|Any CPU
		{1A887E25-B11F-4D47-B425-6F3C6749D62E}.Release|Any CPU.ActiveCfg = Release|Any CPU
		{1A887E25-B11F-4D47-B425-6F3C6749D62E}.Release|Any CPU.Build.0 = Release|Any CPU
		{1A887E25-B11F-4D47-B425-6F3C6749D62E}.Release|ARM.ActiveCfg = Release|Any CPU
		{1A887E25-B11F-4D47-B425-6F3C6749D62E}.Release|ARM.Build.0 = Release|Any CPU
		{1A887E25-B11F-4D47-B425-6F3C6749D62E}.Release|iPhone.ActiveCfg = Release|Any CPU
		{1A887E25-B11F-4D47-B425-6F3C6749D62E}.Release|iPhone.Build.0 = Release|Any CPU
		{1A887E25-B11F-4D47-B425-6F3C6749D62E}.Release|iPhoneSimulator.ActiveCfg = Release|Any CPU
		{1A887E25-B11F-4D47-B425-6F3C6749D62E}.Release|iPhoneSimulator.Build.0 = Release|Any CPU
		{1A887E25-B11F-4D47-B425-6F3C6749D62E}.Release|x64.ActiveCfg = Release|Any CPU
		{1A887E25-B11F-4D47-B425-6F3C6749D62E}.Release|x64.Build.0 = Release|Any CPU
		{1A887E25-B11F-4D47-B425-6F3C6749D62E}.Release|x86.ActiveCfg = Release|Any CPU
		{1A887E25-B11F-4D47-B425-6F3C6749D62E}.Release|x86.Build.0 = Release|Any CPU
		{F0E80219-0494-46C2-999A-1D2DEF0EAC76}.Ad-Hoc|Any CPU.ActiveCfg = Release|Any CPU
		{F0E80219-0494-46C2-999A-1D2DEF0EAC76}.Ad-Hoc|Any CPU.Build.0 = Release|Any CPU
		{F0E80219-0494-46C2-999A-1D2DEF0EAC76}.Ad-Hoc|ARM.ActiveCfg = Release|Any CPU
		{F0E80219-0494-46C2-999A-1D2DEF0EAC76}.Ad-Hoc|ARM.Build.0 = Release|Any CPU
		{F0E80219-0494-46C2-999A-1D2DEF0EAC76}.Ad-Hoc|iPhone.ActiveCfg = Release|Any CPU
		{F0E80219-0494-46C2-999A-1D2DEF0EAC76}.Ad-Hoc|iPhone.Build.0 = Release|Any CPU
		{F0E80219-0494-46C2-999A-1D2DEF0EAC76}.Ad-Hoc|iPhoneSimulator.ActiveCfg = Release|Any CPU
		{F0E80219-0494-46C2-999A-1D2DEF0EAC76}.Ad-Hoc|iPhoneSimulator.Build.0 = Release|Any CPU
		{F0E80219-0494-46C2-999A-1D2DEF0EAC76}.Ad-Hoc|x64.ActiveCfg = Release|Any CPU
		{F0E80219-0494-46C2-999A-1D2DEF0EAC76}.Ad-Hoc|x64.Build.0 = Release|Any CPU
		{F0E80219-0494-46C2-999A-1D2DEF0EAC76}.Ad-Hoc|x86.ActiveCfg = Release|Any CPU
		{F0E80219-0494-46C2-999A-1D2DEF0EAC76}.Ad-Hoc|x86.Build.0 = Release|Any CPU
		{F0E80219-0494-46C2-999A-1D2DEF0EAC76}.AppStore|Any CPU.ActiveCfg = Release|Any CPU
		{F0E80219-0494-46C2-999A-1D2DEF0EAC76}.AppStore|Any CPU.Build.0 = Release|Any CPU
		{F0E80219-0494-46C2-999A-1D2DEF0EAC76}.AppStore|ARM.ActiveCfg = Release|Any CPU
		{F0E80219-0494-46C2-999A-1D2DEF0EAC76}.AppStore|ARM.Build.0 = Release|Any CPU
		{F0E80219-0494-46C2-999A-1D2DEF0EAC76}.AppStore|iPhone.ActiveCfg = Release|Any CPU
		{F0E80219-0494-46C2-999A-1D2DEF0EAC76}.AppStore|iPhone.Build.0 = Release|Any CPU
		{F0E80219-0494-46C2-999A-1D2DEF0EAC76}.AppStore|iPhoneSimulator.ActiveCfg = Release|Any CPU
		{F0E80219-0494-46C2-999A-1D2DEF0EAC76}.AppStore|iPhoneSimulator.Build.0 = Release|Any CPU
		{F0E80219-0494-46C2-999A-1D2DEF0EAC76}.AppStore|x64.ActiveCfg = Release|Any CPU
		{F0E80219-0494-46C2-999A-1D2DEF0EAC76}.AppStore|x64.Build.0 = Release|Any CPU
		{F0E80219-0494-46C2-999A-1D2DEF0EAC76}.AppStore|x86.ActiveCfg = Release|Any CPU
		{F0E80219-0494-46C2-999A-1D2DEF0EAC76}.AppStore|x86.Build.0 = Release|Any CPU
		{F0E80219-0494-46C2-999A-1D2DEF0EAC76}.Debug|Any CPU.ActiveCfg = Debug|Any CPU
		{F0E80219-0494-46C2-999A-1D2DEF0EAC76}.Debug|Any CPU.Build.0 = Debug|Any CPU
		{F0E80219-0494-46C2-999A-1D2DEF0EAC76}.Debug|ARM.ActiveCfg = Debug|Any CPU
		{F0E80219-0494-46C2-999A-1D2DEF0EAC76}.Debug|ARM.Build.0 = Debug|Any CPU
		{F0E80219-0494-46C2-999A-1D2DEF0EAC76}.Debug|iPhone.ActiveCfg = Debug|Any CPU
		{F0E80219-0494-46C2-999A-1D2DEF0EAC76}.Debug|iPhone.Build.0 = Debug|Any CPU
		{F0E80219-0494-46C2-999A-1D2DEF0EAC76}.Debug|iPhoneSimulator.ActiveCfg = Debug|Any CPU
		{F0E80219-0494-46C2-999A-1D2DEF0EAC76}.Debug|iPhoneSimulator.Build.0 = Debug|Any CPU
		{F0E80219-0494-46C2-999A-1D2DEF0EAC76}.Debug|x64.ActiveCfg = Debug|Any CPU
		{F0E80219-0494-46C2-999A-1D2DEF0EAC76}.Debug|x64.Build.0 = Debug|Any CPU
		{F0E80219-0494-46C2-999A-1D2DEF0EAC76}.Debug|x86.ActiveCfg = Debug|Any CPU
		{F0E80219-0494-46C2-999A-1D2DEF0EAC76}.Debug|x86.Build.0 = Debug|Any CPU
		{F0E80219-0494-46C2-999A-1D2DEF0EAC76}.Debyg|Any CPU.ActiveCfg = Debug|Any CPU
		{F0E80219-0494-46C2-999A-1D2DEF0EAC76}.Debyg|Any CPU.Build.0 = Debug|Any CPU
		{F0E80219-0494-46C2-999A-1D2DEF0EAC76}.Debyg|ARM.ActiveCfg = Debug|Any CPU
		{F0E80219-0494-46C2-999A-1D2DEF0EAC76}.Debyg|ARM.Build.0 = Debug|Any CPU
		{F0E80219-0494-46C2-999A-1D2DEF0EAC76}.Debyg|iPhone.ActiveCfg = Debug|Any CPU
		{F0E80219-0494-46C2-999A-1D2DEF0EAC76}.Debyg|iPhone.Build.0 = Debug|Any CPU
		{F0E80219-0494-46C2-999A-1D2DEF0EAC76}.Debyg|iPhoneSimulator.ActiveCfg = Debug|Any CPU
		{F0E80219-0494-46C2-999A-1D2DEF0EAC76}.Debyg|iPhoneSimulator.Build.0 = Debug|Any CPU
		{F0E80219-0494-46C2-999A-1D2DEF0EAC76}.Debyg|x64.ActiveCfg = Debug|Any CPU
		{F0E80219-0494-46C2-999A-1D2DEF0EAC76}.Debyg|x64.Build.0 = Debug|Any CPU
		{F0E80219-0494-46C2-999A-1D2DEF0EAC76}.Debyg|x86.ActiveCfg = Debug|Any CPU
		{F0E80219-0494-46C2-999A-1D2DEF0EAC76}.Debyg|x86.Build.0 = Debug|Any CPU
		{F0E80219-0494-46C2-999A-1D2DEF0EAC76}.Release|Any CPU.ActiveCfg = Release|Any CPU
		{F0E80219-0494-46C2-999A-1D2DEF0EAC76}.Release|Any CPU.Build.0 = Release|Any CPU
		{F0E80219-0494-46C2-999A-1D2DEF0EAC76}.Release|ARM.ActiveCfg = Release|Any CPU
		{F0E80219-0494-46C2-999A-1D2DEF0EAC76}.Release|ARM.Build.0 = Release|Any CPU
		{F0E80219-0494-46C2-999A-1D2DEF0EAC76}.Release|iPhone.ActiveCfg = Release|Any CPU
		{F0E80219-0494-46C2-999A-1D2DEF0EAC76}.Release|iPhone.Build.0 = Release|Any CPU
		{F0E80219-0494-46C2-999A-1D2DEF0EAC76}.Release|iPhoneSimulator.ActiveCfg = Release|Any CPU
		{F0E80219-0494-46C2-999A-1D2DEF0EAC76}.Release|iPhoneSimulator.Build.0 = Release|Any CPU
		{F0E80219-0494-46C2-999A-1D2DEF0EAC76}.Release|x64.ActiveCfg = Release|Any CPU
		{F0E80219-0494-46C2-999A-1D2DEF0EAC76}.Release|x64.Build.0 = Release|Any CPU
		{F0E80219-0494-46C2-999A-1D2DEF0EAC76}.Release|x86.ActiveCfg = Release|Any CPU
		{F0E80219-0494-46C2-999A-1D2DEF0EAC76}.Release|x86.Build.0 = Release|Any CPU
		{87568F0E-AF07-44E0-9E21-C3B271B9185C}.Ad-Hoc|Any CPU.ActiveCfg = Release|Any CPU
		{87568F0E-AF07-44E0-9E21-C3B271B9185C}.Ad-Hoc|Any CPU.Build.0 = Release|Any CPU
		{87568F0E-AF07-44E0-9E21-C3B271B9185C}.Ad-Hoc|ARM.ActiveCfg = Release|Any CPU
		{87568F0E-AF07-44E0-9E21-C3B271B9185C}.Ad-Hoc|ARM.Build.0 = Release|Any CPU
		{87568F0E-AF07-44E0-9E21-C3B271B9185C}.Ad-Hoc|iPhone.ActiveCfg = Release|Any CPU
		{87568F0E-AF07-44E0-9E21-C3B271B9185C}.Ad-Hoc|iPhone.Build.0 = Release|Any CPU
		{87568F0E-AF07-44E0-9E21-C3B271B9185C}.Ad-Hoc|iPhoneSimulator.ActiveCfg = Release|Any CPU
		{87568F0E-AF07-44E0-9E21-C3B271B9185C}.Ad-Hoc|iPhoneSimulator.Build.0 = Release|Any CPU
		{87568F0E-AF07-44E0-9E21-C3B271B9185C}.Ad-Hoc|x64.ActiveCfg = Release|Any CPU
		{87568F0E-AF07-44E0-9E21-C3B271B9185C}.Ad-Hoc|x64.Build.0 = Release|Any CPU
		{87568F0E-AF07-44E0-9E21-C3B271B9185C}.Ad-Hoc|x86.ActiveCfg = Release|Any CPU
		{87568F0E-AF07-44E0-9E21-C3B271B9185C}.Ad-Hoc|x86.Build.0 = Release|Any CPU
		{87568F0E-AF07-44E0-9E21-C3B271B9185C}.AppStore|Any CPU.ActiveCfg = Release|Any CPU
		{87568F0E-AF07-44E0-9E21-C3B271B9185C}.AppStore|Any CPU.Build.0 = Release|Any CPU
		{87568F0E-AF07-44E0-9E21-C3B271B9185C}.AppStore|ARM.ActiveCfg = Release|Any CPU
		{87568F0E-AF07-44E0-9E21-C3B271B9185C}.AppStore|ARM.Build.0 = Release|Any CPU
		{87568F0E-AF07-44E0-9E21-C3B271B9185C}.AppStore|iPhone.ActiveCfg = Release|Any CPU
		{87568F0E-AF07-44E0-9E21-C3B271B9185C}.AppStore|iPhone.Build.0 = Release|Any CPU
		{87568F0E-AF07-44E0-9E21-C3B271B9185C}.AppStore|iPhoneSimulator.ActiveCfg = Release|Any CPU
		{87568F0E-AF07-44E0-9E21-C3B271B9185C}.AppStore|iPhoneSimulator.Build.0 = Release|Any CPU
		{87568F0E-AF07-44E0-9E21-C3B271B9185C}.AppStore|x64.ActiveCfg = Release|Any CPU
		{87568F0E-AF07-44E0-9E21-C3B271B9185C}.AppStore|x64.Build.0 = Release|Any CPU
		{87568F0E-AF07-44E0-9E21-C3B271B9185C}.AppStore|x86.ActiveCfg = Release|Any CPU
		{87568F0E-AF07-44E0-9E21-C3B271B9185C}.AppStore|x86.Build.0 = Release|Any CPU
		{87568F0E-AF07-44E0-9E21-C3B271B9185C}.Debug|Any CPU.ActiveCfg = Debug|Any CPU
		{87568F0E-AF07-44E0-9E21-C3B271B9185C}.Debug|Any CPU.Build.0 = Debug|Any CPU
		{87568F0E-AF07-44E0-9E21-C3B271B9185C}.Debug|ARM.ActiveCfg = Debug|Any CPU
		{87568F0E-AF07-44E0-9E21-C3B271B9185C}.Debug|ARM.Build.0 = Debug|Any CPU
		{87568F0E-AF07-44E0-9E21-C3B271B9185C}.Debug|iPhone.ActiveCfg = Debug|Any CPU
		{87568F0E-AF07-44E0-9E21-C3B271B9185C}.Debug|iPhone.Build.0 = Debug|Any CPU
		{87568F0E-AF07-44E0-9E21-C3B271B9185C}.Debug|iPhoneSimulator.ActiveCfg = Debug|Any CPU
		{87568F0E-AF07-44E0-9E21-C3B271B9185C}.Debug|iPhoneSimulator.Build.0 = Debug|Any CPU
		{87568F0E-AF07-44E0-9E21-C3B271B9185C}.Debug|x64.ActiveCfg = Debug|Any CPU
		{87568F0E-AF07-44E0-9E21-C3B271B9185C}.Debug|x64.Build.0 = Debug|Any CPU
		{87568F0E-AF07-44E0-9E21-C3B271B9185C}.Debug|x86.ActiveCfg = Debug|Any CPU
		{87568F0E-AF07-44E0-9E21-C3B271B9185C}.Debug|x86.Build.0 = Debug|Any CPU
		{87568F0E-AF07-44E0-9E21-C3B271B9185C}.Debyg|Any CPU.ActiveCfg = Debyg|Any CPU
		{87568F0E-AF07-44E0-9E21-C3B271B9185C}.Debyg|Any CPU.Build.0 = Debyg|Any CPU
		{87568F0E-AF07-44E0-9E21-C3B271B9185C}.Debyg|ARM.ActiveCfg = Debyg|Any CPU
		{87568F0E-AF07-44E0-9E21-C3B271B9185C}.Debyg|ARM.Build.0 = Debyg|Any CPU
		{87568F0E-AF07-44E0-9E21-C3B271B9185C}.Debyg|iPhone.ActiveCfg = Debyg|Any CPU
		{87568F0E-AF07-44E0-9E21-C3B271B9185C}.Debyg|iPhone.Build.0 = Debyg|Any CPU
		{87568F0E-AF07-44E0-9E21-C3B271B9185C}.Debyg|iPhoneSimulator.ActiveCfg = Debyg|Any CPU
		{87568F0E-AF07-44E0-9E21-C3B271B9185C}.Debyg|iPhoneSimulator.Build.0 = Debyg|Any CPU
		{87568F0E-AF07-44E0-9E21-C3B271B9185C}.Debyg|x64.ActiveCfg = Debyg|Any CPU
		{87568F0E-AF07-44E0-9E21-C3B271B9185C}.Debyg|x64.Build.0 = Debyg|Any CPU
		{87568F0E-AF07-44E0-9E21-C3B271B9185C}.Debyg|x86.ActiveCfg = Debyg|Any CPU
		{87568F0E-AF07-44E0-9E21-C3B271B9185C}.Debyg|x86.Build.0 = Debyg|Any CPU
		{87568F0E-AF07-44E0-9E21-C3B271B9185C}.Release|Any CPU.ActiveCfg = Release|Any CPU
		{87568F0E-AF07-44E0-9E21-C3B271B9185C}.Release|Any CPU.Build.0 = Release|Any CPU
		{87568F0E-AF07-44E0-9E21-C3B271B9185C}.Release|ARM.ActiveCfg = Release|Any CPU
		{87568F0E-AF07-44E0-9E21-C3B271B9185C}.Release|ARM.Build.0 = Release|Any CPU
		{87568F0E-AF07-44E0-9E21-C3B271B9185C}.Release|iPhone.ActiveCfg = Release|Any CPU
		{87568F0E-AF07-44E0-9E21-C3B271B9185C}.Release|iPhone.Build.0 = Release|Any CPU
		{87568F0E-AF07-44E0-9E21-C3B271B9185C}.Release|iPhoneSimulator.ActiveCfg = Release|Any CPU
		{87568F0E-AF07-44E0-9E21-C3B271B9185C}.Release|iPhoneSimulator.Build.0 = Release|Any CPU
		{87568F0E-AF07-44E0-9E21-C3B271B9185C}.Release|x64.ActiveCfg = Release|Any CPU
		{87568F0E-AF07-44E0-9E21-C3B271B9185C}.Release|x64.Build.0 = Release|Any CPU
		{87568F0E-AF07-44E0-9E21-C3B271B9185C}.Release|x86.ActiveCfg = Release|Any CPU
		{87568F0E-AF07-44E0-9E21-C3B271B9185C}.Release|x86.Build.0 = Release|Any CPU
		{E8A029E6-9482-4332-94BB-4129D896300C}.Ad-Hoc|Any CPU.ActiveCfg = Release|Any CPU
		{E8A029E6-9482-4332-94BB-4129D896300C}.Ad-Hoc|Any CPU.Build.0 = Release|Any CPU
		{E8A029E6-9482-4332-94BB-4129D896300C}.Ad-Hoc|ARM.ActiveCfg = Release|Any CPU
		{E8A029E6-9482-4332-94BB-4129D896300C}.Ad-Hoc|ARM.Build.0 = Release|Any CPU
		{E8A029E6-9482-4332-94BB-4129D896300C}.Ad-Hoc|iPhone.ActiveCfg = Release|Any CPU
		{E8A029E6-9482-4332-94BB-4129D896300C}.Ad-Hoc|iPhone.Build.0 = Release|Any CPU
		{E8A029E6-9482-4332-94BB-4129D896300C}.Ad-Hoc|iPhoneSimulator.ActiveCfg = Release|Any CPU
		{E8A029E6-9482-4332-94BB-4129D896300C}.Ad-Hoc|iPhoneSimulator.Build.0 = Release|Any CPU
		{E8A029E6-9482-4332-94BB-4129D896300C}.Ad-Hoc|x64.ActiveCfg = Release|Any CPU
		{E8A029E6-9482-4332-94BB-4129D896300C}.Ad-Hoc|x64.Build.0 = Release|Any CPU
		{E8A029E6-9482-4332-94BB-4129D896300C}.Ad-Hoc|x86.ActiveCfg = Release|Any CPU
		{E8A029E6-9482-4332-94BB-4129D896300C}.Ad-Hoc|x86.Build.0 = Release|Any CPU
		{E8A029E6-9482-4332-94BB-4129D896300C}.AppStore|Any CPU.ActiveCfg = Release|Any CPU
		{E8A029E6-9482-4332-94BB-4129D896300C}.AppStore|Any CPU.Build.0 = Release|Any CPU
		{E8A029E6-9482-4332-94BB-4129D896300C}.AppStore|ARM.ActiveCfg = Release|Any CPU
		{E8A029E6-9482-4332-94BB-4129D896300C}.AppStore|ARM.Build.0 = Release|Any CPU
		{E8A029E6-9482-4332-94BB-4129D896300C}.AppStore|iPhone.ActiveCfg = Release|Any CPU
		{E8A029E6-9482-4332-94BB-4129D896300C}.AppStore|iPhone.Build.0 = Release|Any CPU
		{E8A029E6-9482-4332-94BB-4129D896300C}.AppStore|iPhoneSimulator.ActiveCfg = Release|Any CPU
		{E8A029E6-9482-4332-94BB-4129D896300C}.AppStore|iPhoneSimulator.Build.0 = Release|Any CPU
		{E8A029E6-9482-4332-94BB-4129D896300C}.AppStore|x64.ActiveCfg = Release|Any CPU
		{E8A029E6-9482-4332-94BB-4129D896300C}.AppStore|x64.Build.0 = Release|Any CPU
		{E8A029E6-9482-4332-94BB-4129D896300C}.AppStore|x86.ActiveCfg = Release|Any CPU
		{E8A029E6-9482-4332-94BB-4129D896300C}.AppStore|x86.Build.0 = Release|Any CPU
		{E8A029E6-9482-4332-94BB-4129D896300C}.Debug|Any CPU.ActiveCfg = Debug|Any CPU
		{E8A029E6-9482-4332-94BB-4129D896300C}.Debug|Any CPU.Build.0 = Debug|Any CPU
		{E8A029E6-9482-4332-94BB-4129D896300C}.Debug|ARM.ActiveCfg = Debug|Any CPU
		{E8A029E6-9482-4332-94BB-4129D896300C}.Debug|ARM.Build.0 = Debug|Any CPU
		{E8A029E6-9482-4332-94BB-4129D896300C}.Debug|iPhone.ActiveCfg = Debug|Any CPU
		{E8A029E6-9482-4332-94BB-4129D896300C}.Debug|iPhone.Build.0 = Debug|Any CPU
		{E8A029E6-9482-4332-94BB-4129D896300C}.Debug|iPhoneSimulator.ActiveCfg = Debug|Any CPU
		{E8A029E6-9482-4332-94BB-4129D896300C}.Debug|iPhoneSimulator.Build.0 = Debug|Any CPU
		{E8A029E6-9482-4332-94BB-4129D896300C}.Debug|x64.ActiveCfg = Debug|Any CPU
		{E8A029E6-9482-4332-94BB-4129D896300C}.Debug|x64.Build.0 = Debug|Any CPU
		{E8A029E6-9482-4332-94BB-4129D896300C}.Debug|x86.ActiveCfg = Debug|Any CPU
		{E8A029E6-9482-4332-94BB-4129D896300C}.Debug|x86.Build.0 = Debug|Any CPU
		{E8A029E6-9482-4332-94BB-4129D896300C}.Debyg|Any CPU.ActiveCfg = Debug|Any CPU
		{E8A029E6-9482-4332-94BB-4129D896300C}.Debyg|Any CPU.Build.0 = Debug|Any CPU
		{E8A029E6-9482-4332-94BB-4129D896300C}.Debyg|ARM.ActiveCfg = Debug|Any CPU
		{E8A029E6-9482-4332-94BB-4129D896300C}.Debyg|ARM.Build.0 = Debug|Any CPU
		{E8A029E6-9482-4332-94BB-4129D896300C}.Debyg|iPhone.ActiveCfg = Debug|Any CPU
		{E8A029E6-9482-4332-94BB-4129D896300C}.Debyg|iPhone.Build.0 = Debug|Any CPU
		{E8A029E6-9482-4332-94BB-4129D896300C}.Debyg|iPhoneSimulator.ActiveCfg = Debug|Any CPU
		{E8A029E6-9482-4332-94BB-4129D896300C}.Debyg|iPhoneSimulator.Build.0 = Debug|Any CPU
		{E8A029E6-9482-4332-94BB-4129D896300C}.Debyg|x64.ActiveCfg = Debug|Any CPU
		{E8A029E6-9482-4332-94BB-4129D896300C}.Debyg|x64.Build.0 = Debug|Any CPU
		{E8A029E6-9482-4332-94BB-4129D896300C}.Debyg|x86.ActiveCfg = Debug|Any CPU
		{E8A029E6-9482-4332-94BB-4129D896300C}.Debyg|x86.Build.0 = Debug|Any CPU
		{E8A029E6-9482-4332-94BB-4129D896300C}.Release|Any CPU.ActiveCfg = Release|Any CPU
		{E8A029E6-9482-4332-94BB-4129D896300C}.Release|Any CPU.Build.0 = Release|Any CPU
		{E8A029E6-9482-4332-94BB-4129D896300C}.Release|ARM.ActiveCfg = Release|Any CPU
		{E8A029E6-9482-4332-94BB-4129D896300C}.Release|ARM.Build.0 = Release|Any CPU
		{E8A029E6-9482-4332-94BB-4129D896300C}.Release|iPhone.ActiveCfg = Release|Any CPU
		{E8A029E6-9482-4332-94BB-4129D896300C}.Release|iPhone.Build.0 = Release|Any CPU
		{E8A029E6-9482-4332-94BB-4129D896300C}.Release|iPhoneSimulator.ActiveCfg = Release|Any CPU
		{E8A029E6-9482-4332-94BB-4129D896300C}.Release|iPhoneSimulator.Build.0 = Release|Any CPU
		{E8A029E6-9482-4332-94BB-4129D896300C}.Release|x64.ActiveCfg = Release|Any CPU
		{E8A029E6-9482-4332-94BB-4129D896300C}.Release|x64.Build.0 = Release|Any CPU
		{E8A029E6-9482-4332-94BB-4129D896300C}.Release|x86.ActiveCfg = Release|Any CPU
		{E8A029E6-9482-4332-94BB-4129D896300C}.Release|x86.Build.0 = Release|Any CPU
		{B0E401E3-739B-4F27-857B-DF7DBD2ECBE1}.Ad-Hoc|Any CPU.ActiveCfg = Release|Any CPU
		{B0E401E3-739B-4F27-857B-DF7DBD2ECBE1}.Ad-Hoc|Any CPU.Build.0 = Release|Any CPU
		{B0E401E3-739B-4F27-857B-DF7DBD2ECBE1}.Ad-Hoc|ARM.ActiveCfg = Release|Any CPU
		{B0E401E3-739B-4F27-857B-DF7DBD2ECBE1}.Ad-Hoc|ARM.Build.0 = Release|Any CPU
		{B0E401E3-739B-4F27-857B-DF7DBD2ECBE1}.Ad-Hoc|iPhone.ActiveCfg = Release|Any CPU
		{B0E401E3-739B-4F27-857B-DF7DBD2ECBE1}.Ad-Hoc|iPhone.Build.0 = Release|Any CPU
		{B0E401E3-739B-4F27-857B-DF7DBD2ECBE1}.Ad-Hoc|iPhoneSimulator.ActiveCfg = Release|Any CPU
		{B0E401E3-739B-4F27-857B-DF7DBD2ECBE1}.Ad-Hoc|iPhoneSimulator.Build.0 = Release|Any CPU
		{B0E401E3-739B-4F27-857B-DF7DBD2ECBE1}.Ad-Hoc|x64.ActiveCfg = Release|Any CPU
		{B0E401E3-739B-4F27-857B-DF7DBD2ECBE1}.Ad-Hoc|x64.Build.0 = Release|Any CPU
		{B0E401E3-739B-4F27-857B-DF7DBD2ECBE1}.Ad-Hoc|x86.ActiveCfg = Release|Any CPU
		{B0E401E3-739B-4F27-857B-DF7DBD2ECBE1}.Ad-Hoc|x86.Build.0 = Release|Any CPU
		{B0E401E3-739B-4F27-857B-DF7DBD2ECBE1}.AppStore|Any CPU.ActiveCfg = Release|Any CPU
		{B0E401E3-739B-4F27-857B-DF7DBD2ECBE1}.AppStore|Any CPU.Build.0 = Release|Any CPU
		{B0E401E3-739B-4F27-857B-DF7DBD2ECBE1}.AppStore|ARM.ActiveCfg = Release|Any CPU
		{B0E401E3-739B-4F27-857B-DF7DBD2ECBE1}.AppStore|ARM.Build.0 = Release|Any CPU
		{B0E401E3-739B-4F27-857B-DF7DBD2ECBE1}.AppStore|iPhone.ActiveCfg = Release|Any CPU
		{B0E401E3-739B-4F27-857B-DF7DBD2ECBE1}.AppStore|iPhone.Build.0 = Release|Any CPU
		{B0E401E3-739B-4F27-857B-DF7DBD2ECBE1}.AppStore|iPhoneSimulator.ActiveCfg = Release|Any CPU
		{B0E401E3-739B-4F27-857B-DF7DBD2ECBE1}.AppStore|iPhoneSimulator.Build.0 = Release|Any CPU
		{B0E401E3-739B-4F27-857B-DF7DBD2ECBE1}.AppStore|x64.ActiveCfg = Release|Any CPU
		{B0E401E3-739B-4F27-857B-DF7DBD2ECBE1}.AppStore|x64.Build.0 = Release|Any CPU
		{B0E401E3-739B-4F27-857B-DF7DBD2ECBE1}.AppStore|x86.ActiveCfg = Release|Any CPU
		{B0E401E3-739B-4F27-857B-DF7DBD2ECBE1}.AppStore|x86.Build.0 = Release|Any CPU
		{B0E401E3-739B-4F27-857B-DF7DBD2ECBE1}.Debug|Any CPU.ActiveCfg = Debug|Any CPU
		{B0E401E3-739B-4F27-857B-DF7DBD2ECBE1}.Debug|Any CPU.Build.0 = Debug|Any CPU
		{B0E401E3-739B-4F27-857B-DF7DBD2ECBE1}.Debug|ARM.ActiveCfg = Debug|Any CPU
		{B0E401E3-739B-4F27-857B-DF7DBD2ECBE1}.Debug|ARM.Build.0 = Debug|Any CPU
		{B0E401E3-739B-4F27-857B-DF7DBD2ECBE1}.Debug|iPhone.ActiveCfg = Debug|Any CPU
		{B0E401E3-739B-4F27-857B-DF7DBD2ECBE1}.Debug|iPhone.Build.0 = Debug|Any CPU
		{B0E401E3-739B-4F27-857B-DF7DBD2ECBE1}.Debug|iPhoneSimulator.ActiveCfg = Debug|Any CPU
		{B0E401E3-739B-4F27-857B-DF7DBD2ECBE1}.Debug|iPhoneSimulator.Build.0 = Debug|Any CPU
		{B0E401E3-739B-4F27-857B-DF7DBD2ECBE1}.Debug|x64.ActiveCfg = Debug|Any CPU
		{B0E401E3-739B-4F27-857B-DF7DBD2ECBE1}.Debug|x64.Build.0 = Debug|Any CPU
		{B0E401E3-739B-4F27-857B-DF7DBD2ECBE1}.Debug|x86.ActiveCfg = Debug|Any CPU
		{B0E401E3-739B-4F27-857B-DF7DBD2ECBE1}.Debug|x86.Build.0 = Debug|Any CPU
		{B0E401E3-739B-4F27-857B-DF7DBD2ECBE1}.Debyg|Any CPU.ActiveCfg = Debug|Any CPU
		{B0E401E3-739B-4F27-857B-DF7DBD2ECBE1}.Debyg|Any CPU.Build.0 = Debug|Any CPU
		{B0E401E3-739B-4F27-857B-DF7DBD2ECBE1}.Debyg|ARM.ActiveCfg = Debug|Any CPU
		{B0E401E3-739B-4F27-857B-DF7DBD2ECBE1}.Debyg|ARM.Build.0 = Debug|Any CPU
		{B0E401E3-739B-4F27-857B-DF7DBD2ECBE1}.Debyg|iPhone.ActiveCfg = Debug|Any CPU
		{B0E401E3-739B-4F27-857B-DF7DBD2ECBE1}.Debyg|iPhone.Build.0 = Debug|Any CPU
		{B0E401E3-739B-4F27-857B-DF7DBD2ECBE1}.Debyg|iPhoneSimulator.ActiveCfg = Debug|Any CPU
		{B0E401E3-739B-4F27-857B-DF7DBD2ECBE1}.Debyg|iPhoneSimulator.Build.0 = Debug|Any CPU
		{B0E401E3-739B-4F27-857B-DF7DBD2ECBE1}.Debyg|x64.ActiveCfg = Debug|Any CPU
		{B0E401E3-739B-4F27-857B-DF7DBD2ECBE1}.Debyg|x64.Build.0 = Debug|Any CPU
		{B0E401E3-739B-4F27-857B-DF7DBD2ECBE1}.Debyg|x86.ActiveCfg = Debug|Any CPU
		{B0E401E3-739B-4F27-857B-DF7DBD2ECBE1}.Debyg|x86.Build.0 = Debug|Any CPU
		{B0E401E3-739B-4F27-857B-DF7DBD2ECBE1}.Release|Any CPU.ActiveCfg = Release|Any CPU
		{B0E401E3-739B-4F27-857B-DF7DBD2ECBE1}.Release|Any CPU.Build.0 = Release|Any CPU
		{B0E401E3-739B-4F27-857B-DF7DBD2ECBE1}.Release|ARM.ActiveCfg = Release|Any CPU
		{B0E401E3-739B-4F27-857B-DF7DBD2ECBE1}.Release|ARM.Build.0 = Release|Any CPU
		{B0E401E3-739B-4F27-857B-DF7DBD2ECBE1}.Release|iPhone.ActiveCfg = Release|Any CPU
		{B0E401E3-739B-4F27-857B-DF7DBD2ECBE1}.Release|iPhone.Build.0 = Release|Any CPU
		{B0E401E3-739B-4F27-857B-DF7DBD2ECBE1}.Release|iPhoneSimulator.ActiveCfg = Release|Any CPU
		{B0E401E3-739B-4F27-857B-DF7DBD2ECBE1}.Release|iPhoneSimulator.Build.0 = Release|Any CPU
		{B0E401E3-739B-4F27-857B-DF7DBD2ECBE1}.Release|x64.ActiveCfg = Release|Any CPU
		{B0E401E3-739B-4F27-857B-DF7DBD2ECBE1}.Release|x64.Build.0 = Release|Any CPU
		{B0E401E3-739B-4F27-857B-DF7DBD2ECBE1}.Release|x86.ActiveCfg = Release|Any CPU
		{B0E401E3-739B-4F27-857B-DF7DBD2ECBE1}.Release|x86.Build.0 = Release|Any CPU
		{A2C78B16-55D7-43AD-B77E-A03D1F222178}.Ad-Hoc|Any CPU.ActiveCfg = Release|Any CPU
		{A2C78B16-55D7-43AD-B77E-A03D1F222178}.Ad-Hoc|Any CPU.Build.0 = Release|Any CPU
		{A2C78B16-55D7-43AD-B77E-A03D1F222178}.Ad-Hoc|ARM.ActiveCfg = Release|Any CPU
		{A2C78B16-55D7-43AD-B77E-A03D1F222178}.Ad-Hoc|ARM.Build.0 = Release|Any CPU
		{A2C78B16-55D7-43AD-B77E-A03D1F222178}.Ad-Hoc|iPhone.ActiveCfg = Release|Any CPU
		{A2C78B16-55D7-43AD-B77E-A03D1F222178}.Ad-Hoc|iPhone.Build.0 = Release|Any CPU
		{A2C78B16-55D7-43AD-B77E-A03D1F222178}.Ad-Hoc|iPhoneSimulator.ActiveCfg = Release|Any CPU
		{A2C78B16-55D7-43AD-B77E-A03D1F222178}.Ad-Hoc|iPhoneSimulator.Build.0 = Release|Any CPU
		{A2C78B16-55D7-43AD-B77E-A03D1F222178}.Ad-Hoc|x64.ActiveCfg = Release|Any CPU
		{A2C78B16-55D7-43AD-B77E-A03D1F222178}.Ad-Hoc|x64.Build.0 = Release|Any CPU
		{A2C78B16-55D7-43AD-B77E-A03D1F222178}.Ad-Hoc|x86.ActiveCfg = Release|Any CPU
		{A2C78B16-55D7-43AD-B77E-A03D1F222178}.Ad-Hoc|x86.Build.0 = Release|Any CPU
		{A2C78B16-55D7-43AD-B77E-A03D1F222178}.AppStore|Any CPU.ActiveCfg = Release|Any CPU
		{A2C78B16-55D7-43AD-B77E-A03D1F222178}.AppStore|Any CPU.Build.0 = Release|Any CPU
		{A2C78B16-55D7-43AD-B77E-A03D1F222178}.AppStore|ARM.ActiveCfg = Release|Any CPU
		{A2C78B16-55D7-43AD-B77E-A03D1F222178}.AppStore|ARM.Build.0 = Release|Any CPU
		{A2C78B16-55D7-43AD-B77E-A03D1F222178}.AppStore|iPhone.ActiveCfg = Release|Any CPU
		{A2C78B16-55D7-43AD-B77E-A03D1F222178}.AppStore|iPhone.Build.0 = Release|Any CPU
		{A2C78B16-55D7-43AD-B77E-A03D1F222178}.AppStore|iPhoneSimulator.ActiveCfg = Release|Any CPU
		{A2C78B16-55D7-43AD-B77E-A03D1F222178}.AppStore|iPhoneSimulator.Build.0 = Release|Any CPU
		{A2C78B16-55D7-43AD-B77E-A03D1F222178}.AppStore|x64.ActiveCfg = Release|Any CPU
		{A2C78B16-55D7-43AD-B77E-A03D1F222178}.AppStore|x64.Build.0 = Release|Any CPU
		{A2C78B16-55D7-43AD-B77E-A03D1F222178}.AppStore|x86.ActiveCfg = Release|Any CPU
		{A2C78B16-55D7-43AD-B77E-A03D1F222178}.AppStore|x86.Build.0 = Release|Any CPU
		{A2C78B16-55D7-43AD-B77E-A03D1F222178}.Debug|Any CPU.ActiveCfg = Debug|Any CPU
		{A2C78B16-55D7-43AD-B77E-A03D1F222178}.Debug|Any CPU.Build.0 = Debug|Any CPU
		{A2C78B16-55D7-43AD-B77E-A03D1F222178}.Debug|ARM.ActiveCfg = Debug|Any CPU
		{A2C78B16-55D7-43AD-B77E-A03D1F222178}.Debug|ARM.Build.0 = Debug|Any CPU
		{A2C78B16-55D7-43AD-B77E-A03D1F222178}.Debug|iPhone.ActiveCfg = Debug|Any CPU
		{A2C78B16-55D7-43AD-B77E-A03D1F222178}.Debug|iPhone.Build.0 = Debug|Any CPU
		{A2C78B16-55D7-43AD-B77E-A03D1F222178}.Debug|iPhoneSimulator.ActiveCfg = Debug|Any CPU
		{A2C78B16-55D7-43AD-B77E-A03D1F222178}.Debug|iPhoneSimulator.Build.0 = Debug|Any CPU
		{A2C78B16-55D7-43AD-B77E-A03D1F222178}.Debug|x64.ActiveCfg = Debug|Any CPU
		{A2C78B16-55D7-43AD-B77E-A03D1F222178}.Debug|x64.Build.0 = Debug|Any CPU
		{A2C78B16-55D7-43AD-B77E-A03D1F222178}.Debug|x86.ActiveCfg = Debug|Any CPU
		{A2C78B16-55D7-43AD-B77E-A03D1F222178}.Debug|x86.Build.0 = Debug|Any CPU
		{A2C78B16-55D7-43AD-B77E-A03D1F222178}.Debyg|Any CPU.ActiveCfg = Debug|Any CPU
		{A2C78B16-55D7-43AD-B77E-A03D1F222178}.Debyg|Any CPU.Build.0 = Debug|Any CPU
		{A2C78B16-55D7-43AD-B77E-A03D1F222178}.Debyg|ARM.ActiveCfg = Debug|Any CPU
		{A2C78B16-55D7-43AD-B77E-A03D1F222178}.Debyg|ARM.Build.0 = Debug|Any CPU
		{A2C78B16-55D7-43AD-B77E-A03D1F222178}.Debyg|iPhone.ActiveCfg = Debug|Any CPU
		{A2C78B16-55D7-43AD-B77E-A03D1F222178}.Debyg|iPhone.Build.0 = Debug|Any CPU
		{A2C78B16-55D7-43AD-B77E-A03D1F222178}.Debyg|iPhoneSimulator.ActiveCfg = Debug|Any CPU
		{A2C78B16-55D7-43AD-B77E-A03D1F222178}.Debyg|iPhoneSimulator.Build.0 = Debug|Any CPU
		{A2C78B16-55D7-43AD-B77E-A03D1F222178}.Debyg|x64.ActiveCfg = Debug|Any CPU
		{A2C78B16-55D7-43AD-B77E-A03D1F222178}.Debyg|x64.Build.0 = Debug|Any CPU
		{A2C78B16-55D7-43AD-B77E-A03D1F222178}.Debyg|x86.ActiveCfg = Debug|Any CPU
		{A2C78B16-55D7-43AD-B77E-A03D1F222178}.Debyg|x86.Build.0 = Debug|Any CPU
		{A2C78B16-55D7-43AD-B77E-A03D1F222178}.Release|Any CPU.ActiveCfg = Release|Any CPU
		{A2C78B16-55D7-43AD-B77E-A03D1F222178}.Release|Any CPU.Build.0 = Release|Any CPU
		{A2C78B16-55D7-43AD-B77E-A03D1F222178}.Release|ARM.ActiveCfg = Release|Any CPU
		{A2C78B16-55D7-43AD-B77E-A03D1F222178}.Release|ARM.Build.0 = Release|Any CPU
		{A2C78B16-55D7-43AD-B77E-A03D1F222178}.Release|iPhone.ActiveCfg = Release|Any CPU
		{A2C78B16-55D7-43AD-B77E-A03D1F222178}.Release|iPhone.Build.0 = Release|Any CPU
		{A2C78B16-55D7-43AD-B77E-A03D1F222178}.Release|iPhoneSimulator.ActiveCfg = Release|Any CPU
		{A2C78B16-55D7-43AD-B77E-A03D1F222178}.Release|iPhoneSimulator.Build.0 = Release|Any CPU
		{A2C78B16-55D7-43AD-B77E-A03D1F222178}.Release|x64.ActiveCfg = Release|Any CPU
		{A2C78B16-55D7-43AD-B77E-A03D1F222178}.Release|x64.Build.0 = Release|Any CPU
		{A2C78B16-55D7-43AD-B77E-A03D1F222178}.Release|x86.ActiveCfg = Release|Any CPU
		{A2C78B16-55D7-43AD-B77E-A03D1F222178}.Release|x86.Build.0 = Release|Any CPU
		{1BF2F03B-03BC-4DA2-8FEA-2AC2C7554A8A}.Ad-Hoc|Any CPU.ActiveCfg = Release|Any CPU
		{1BF2F03B-03BC-4DA2-8FEA-2AC2C7554A8A}.Ad-Hoc|Any CPU.Build.0 = Release|Any CPU
		{1BF2F03B-03BC-4DA2-8FEA-2AC2C7554A8A}.Ad-Hoc|Any CPU.Deploy.0 = Release|Any CPU
		{1BF2F03B-03BC-4DA2-8FEA-2AC2C7554A8A}.Ad-Hoc|ARM.ActiveCfg = Release|Any CPU
		{1BF2F03B-03BC-4DA2-8FEA-2AC2C7554A8A}.Ad-Hoc|ARM.Build.0 = Release|Any CPU
		{1BF2F03B-03BC-4DA2-8FEA-2AC2C7554A8A}.Ad-Hoc|ARM.Deploy.0 = Release|Any CPU
		{1BF2F03B-03BC-4DA2-8FEA-2AC2C7554A8A}.Ad-Hoc|iPhone.ActiveCfg = Release|Any CPU
		{1BF2F03B-03BC-4DA2-8FEA-2AC2C7554A8A}.Ad-Hoc|iPhone.Build.0 = Release|Any CPU
		{1BF2F03B-03BC-4DA2-8FEA-2AC2C7554A8A}.Ad-Hoc|iPhone.Deploy.0 = Release|Any CPU
		{1BF2F03B-03BC-4DA2-8FEA-2AC2C7554A8A}.Ad-Hoc|iPhoneSimulator.ActiveCfg = Release|Any CPU
		{1BF2F03B-03BC-4DA2-8FEA-2AC2C7554A8A}.Ad-Hoc|iPhoneSimulator.Build.0 = Release|Any CPU
		{1BF2F03B-03BC-4DA2-8FEA-2AC2C7554A8A}.Ad-Hoc|iPhoneSimulator.Deploy.0 = Release|Any CPU
		{1BF2F03B-03BC-4DA2-8FEA-2AC2C7554A8A}.Ad-Hoc|x64.ActiveCfg = Release|Any CPU
		{1BF2F03B-03BC-4DA2-8FEA-2AC2C7554A8A}.Ad-Hoc|x64.Build.0 = Release|Any CPU
		{1BF2F03B-03BC-4DA2-8FEA-2AC2C7554A8A}.Ad-Hoc|x64.Deploy.0 = Release|Any CPU
		{1BF2F03B-03BC-4DA2-8FEA-2AC2C7554A8A}.Ad-Hoc|x86.ActiveCfg = Release|Any CPU
		{1BF2F03B-03BC-4DA2-8FEA-2AC2C7554A8A}.Ad-Hoc|x86.Build.0 = Release|Any CPU
		{1BF2F03B-03BC-4DA2-8FEA-2AC2C7554A8A}.Ad-Hoc|x86.Deploy.0 = Release|Any CPU
		{1BF2F03B-03BC-4DA2-8FEA-2AC2C7554A8A}.AppStore|Any CPU.ActiveCfg = Release|Any CPU
		{1BF2F03B-03BC-4DA2-8FEA-2AC2C7554A8A}.AppStore|Any CPU.Build.0 = Release|Any CPU
		{1BF2F03B-03BC-4DA2-8FEA-2AC2C7554A8A}.AppStore|Any CPU.Deploy.0 = Release|Any CPU
		{1BF2F03B-03BC-4DA2-8FEA-2AC2C7554A8A}.AppStore|ARM.ActiveCfg = Release|Any CPU
		{1BF2F03B-03BC-4DA2-8FEA-2AC2C7554A8A}.AppStore|ARM.Build.0 = Release|Any CPU
		{1BF2F03B-03BC-4DA2-8FEA-2AC2C7554A8A}.AppStore|ARM.Deploy.0 = Release|Any CPU
		{1BF2F03B-03BC-4DA2-8FEA-2AC2C7554A8A}.AppStore|iPhone.ActiveCfg = Release|Any CPU
		{1BF2F03B-03BC-4DA2-8FEA-2AC2C7554A8A}.AppStore|iPhone.Build.0 = Release|Any CPU
		{1BF2F03B-03BC-4DA2-8FEA-2AC2C7554A8A}.AppStore|iPhone.Deploy.0 = Release|Any CPU
		{1BF2F03B-03BC-4DA2-8FEA-2AC2C7554A8A}.AppStore|iPhoneSimulator.ActiveCfg = Release|Any CPU
		{1BF2F03B-03BC-4DA2-8FEA-2AC2C7554A8A}.AppStore|iPhoneSimulator.Build.0 = Release|Any CPU
		{1BF2F03B-03BC-4DA2-8FEA-2AC2C7554A8A}.AppStore|iPhoneSimulator.Deploy.0 = Release|Any CPU
		{1BF2F03B-03BC-4DA2-8FEA-2AC2C7554A8A}.AppStore|x64.ActiveCfg = Release|Any CPU
		{1BF2F03B-03BC-4DA2-8FEA-2AC2C7554A8A}.AppStore|x64.Build.0 = Release|Any CPU
		{1BF2F03B-03BC-4DA2-8FEA-2AC2C7554A8A}.AppStore|x64.Deploy.0 = Release|Any CPU
		{1BF2F03B-03BC-4DA2-8FEA-2AC2C7554A8A}.AppStore|x86.ActiveCfg = Release|Any CPU
		{1BF2F03B-03BC-4DA2-8FEA-2AC2C7554A8A}.AppStore|x86.Build.0 = Release|Any CPU
		{1BF2F03B-03BC-4DA2-8FEA-2AC2C7554A8A}.AppStore|x86.Deploy.0 = Release|Any CPU
		{1BF2F03B-03BC-4DA2-8FEA-2AC2C7554A8A}.Debug|Any CPU.ActiveCfg = Debug|Any CPU
		{1BF2F03B-03BC-4DA2-8FEA-2AC2C7554A8A}.Debug|Any CPU.Build.0 = Debug|Any CPU
		{1BF2F03B-03BC-4DA2-8FEA-2AC2C7554A8A}.Debug|Any CPU.Deploy.0 = Debug|Any CPU
		{1BF2F03B-03BC-4DA2-8FEA-2AC2C7554A8A}.Debug|ARM.ActiveCfg = Debug|Any CPU
		{1BF2F03B-03BC-4DA2-8FEA-2AC2C7554A8A}.Debug|ARM.Build.0 = Debug|Any CPU
		{1BF2F03B-03BC-4DA2-8FEA-2AC2C7554A8A}.Debug|ARM.Deploy.0 = Debug|Any CPU
		{1BF2F03B-03BC-4DA2-8FEA-2AC2C7554A8A}.Debug|iPhone.ActiveCfg = Debug|Any CPU
		{1BF2F03B-03BC-4DA2-8FEA-2AC2C7554A8A}.Debug|iPhone.Build.0 = Debug|Any CPU
		{1BF2F03B-03BC-4DA2-8FEA-2AC2C7554A8A}.Debug|iPhone.Deploy.0 = Debug|Any CPU
		{1BF2F03B-03BC-4DA2-8FEA-2AC2C7554A8A}.Debug|iPhoneSimulator.ActiveCfg = Debug|Any CPU
		{1BF2F03B-03BC-4DA2-8FEA-2AC2C7554A8A}.Debug|iPhoneSimulator.Build.0 = Debug|Any CPU
		{1BF2F03B-03BC-4DA2-8FEA-2AC2C7554A8A}.Debug|iPhoneSimulator.Deploy.0 = Debug|Any CPU
		{1BF2F03B-03BC-4DA2-8FEA-2AC2C7554A8A}.Debug|x64.ActiveCfg = Debug|Any CPU
		{1BF2F03B-03BC-4DA2-8FEA-2AC2C7554A8A}.Debug|x64.Build.0 = Debug|Any CPU
		{1BF2F03B-03BC-4DA2-8FEA-2AC2C7554A8A}.Debug|x64.Deploy.0 = Debug|Any CPU
		{1BF2F03B-03BC-4DA2-8FEA-2AC2C7554A8A}.Debug|x86.ActiveCfg = Debug|Any CPU
		{1BF2F03B-03BC-4DA2-8FEA-2AC2C7554A8A}.Debug|x86.Build.0 = Debug|Any CPU
		{1BF2F03B-03BC-4DA2-8FEA-2AC2C7554A8A}.Debug|x86.Deploy.0 = Debug|Any CPU
		{1BF2F03B-03BC-4DA2-8FEA-2AC2C7554A8A}.Debyg|Any CPU.ActiveCfg = Debug|Any CPU
		{1BF2F03B-03BC-4DA2-8FEA-2AC2C7554A8A}.Debyg|Any CPU.Build.0 = Debug|Any CPU
		{1BF2F03B-03BC-4DA2-8FEA-2AC2C7554A8A}.Debyg|Any CPU.Deploy.0 = Debug|Any CPU
		{1BF2F03B-03BC-4DA2-8FEA-2AC2C7554A8A}.Debyg|ARM.ActiveCfg = Debug|Any CPU
		{1BF2F03B-03BC-4DA2-8FEA-2AC2C7554A8A}.Debyg|ARM.Build.0 = Debug|Any CPU
		{1BF2F03B-03BC-4DA2-8FEA-2AC2C7554A8A}.Debyg|ARM.Deploy.0 = Debug|Any CPU
		{1BF2F03B-03BC-4DA2-8FEA-2AC2C7554A8A}.Debyg|iPhone.ActiveCfg = Debug|Any CPU
		{1BF2F03B-03BC-4DA2-8FEA-2AC2C7554A8A}.Debyg|iPhone.Build.0 = Debug|Any CPU
		{1BF2F03B-03BC-4DA2-8FEA-2AC2C7554A8A}.Debyg|iPhone.Deploy.0 = Debug|Any CPU
		{1BF2F03B-03BC-4DA2-8FEA-2AC2C7554A8A}.Debyg|iPhoneSimulator.ActiveCfg = Debug|Any CPU
		{1BF2F03B-03BC-4DA2-8FEA-2AC2C7554A8A}.Debyg|iPhoneSimulator.Build.0 = Debug|Any CPU
		{1BF2F03B-03BC-4DA2-8FEA-2AC2C7554A8A}.Debyg|iPhoneSimulator.Deploy.0 = Debug|Any CPU
		{1BF2F03B-03BC-4DA2-8FEA-2AC2C7554A8A}.Debyg|x64.ActiveCfg = Debug|Any CPU
		{1BF2F03B-03BC-4DA2-8FEA-2AC2C7554A8A}.Debyg|x64.Build.0 = Debug|Any CPU
		{1BF2F03B-03BC-4DA2-8FEA-2AC2C7554A8A}.Debyg|x64.Deploy.0 = Debug|Any CPU
		{1BF2F03B-03BC-4DA2-8FEA-2AC2C7554A8A}.Debyg|x86.ActiveCfg = Debug|Any CPU
		{1BF2F03B-03BC-4DA2-8FEA-2AC2C7554A8A}.Debyg|x86.Build.0 = Debug|Any CPU
		{1BF2F03B-03BC-4DA2-8FEA-2AC2C7554A8A}.Debyg|x86.Deploy.0 = Debug|Any CPU
		{1BF2F03B-03BC-4DA2-8FEA-2AC2C7554A8A}.Release|Any CPU.ActiveCfg = Release|Any CPU
		{1BF2F03B-03BC-4DA2-8FEA-2AC2C7554A8A}.Release|Any CPU.Build.0 = Release|Any CPU
		{1BF2F03B-03BC-4DA2-8FEA-2AC2C7554A8A}.Release|Any CPU.Deploy.0 = Release|Any CPU
		{1BF2F03B-03BC-4DA2-8FEA-2AC2C7554A8A}.Release|ARM.ActiveCfg = Release|Any CPU
		{1BF2F03B-03BC-4DA2-8FEA-2AC2C7554A8A}.Release|ARM.Build.0 = Release|Any CPU
		{1BF2F03B-03BC-4DA2-8FEA-2AC2C7554A8A}.Release|ARM.Deploy.0 = Release|Any CPU
		{1BF2F03B-03BC-4DA2-8FEA-2AC2C7554A8A}.Release|iPhone.ActiveCfg = Release|Any CPU
		{1BF2F03B-03BC-4DA2-8FEA-2AC2C7554A8A}.Release|iPhone.Build.0 = Release|Any CPU
		{1BF2F03B-03BC-4DA2-8FEA-2AC2C7554A8A}.Release|iPhone.Deploy.0 = Release|Any CPU
		{1BF2F03B-03BC-4DA2-8FEA-2AC2C7554A8A}.Release|iPhoneSimulator.ActiveCfg = Release|Any CPU
		{1BF2F03B-03BC-4DA2-8FEA-2AC2C7554A8A}.Release|iPhoneSimulator.Build.0 = Release|Any CPU
		{1BF2F03B-03BC-4DA2-8FEA-2AC2C7554A8A}.Release|iPhoneSimulator.Deploy.0 = Release|Any CPU
		{1BF2F03B-03BC-4DA2-8FEA-2AC2C7554A8A}.Release|x64.ActiveCfg = Release|Any CPU
		{1BF2F03B-03BC-4DA2-8FEA-2AC2C7554A8A}.Release|x64.Build.0 = Release|Any CPU
		{1BF2F03B-03BC-4DA2-8FEA-2AC2C7554A8A}.Release|x64.Deploy.0 = Release|Any CPU
		{1BF2F03B-03BC-4DA2-8FEA-2AC2C7554A8A}.Release|x86.ActiveCfg = Release|Any CPU
		{1BF2F03B-03BC-4DA2-8FEA-2AC2C7554A8A}.Release|x86.Build.0 = Release|Any CPU
		{1BF2F03B-03BC-4DA2-8FEA-2AC2C7554A8A}.Release|x86.Deploy.0 = Release|Any CPU
		{EE4B97D4-190D-4F4B-9B70-EFEA892C8D39}.Ad-Hoc|Any CPU.ActiveCfg = Ad-Hoc|iPhone
		{EE4B97D4-190D-4F4B-9B70-EFEA892C8D39}.Ad-Hoc|ARM.ActiveCfg = Ad-Hoc|iPhone
		{EE4B97D4-190D-4F4B-9B70-EFEA892C8D39}.Ad-Hoc|iPhone.ActiveCfg = Ad-Hoc|iPhone
		{EE4B97D4-190D-4F4B-9B70-EFEA892C8D39}.Ad-Hoc|iPhone.Build.0 = Ad-Hoc|iPhone
		{EE4B97D4-190D-4F4B-9B70-EFEA892C8D39}.Ad-Hoc|iPhoneSimulator.ActiveCfg = Ad-Hoc|iPhoneSimulator
		{EE4B97D4-190D-4F4B-9B70-EFEA892C8D39}.Ad-Hoc|iPhoneSimulator.Build.0 = Ad-Hoc|iPhoneSimulator
		{EE4B97D4-190D-4F4B-9B70-EFEA892C8D39}.Ad-Hoc|x64.ActiveCfg = Ad-Hoc|iPhone
		{EE4B97D4-190D-4F4B-9B70-EFEA892C8D39}.Ad-Hoc|x86.ActiveCfg = Ad-Hoc|iPhone
		{EE4B97D4-190D-4F4B-9B70-EFEA892C8D39}.AppStore|Any CPU.ActiveCfg = AppStore|iPhone
		{EE4B97D4-190D-4F4B-9B70-EFEA892C8D39}.AppStore|ARM.ActiveCfg = AppStore|iPhone
		{EE4B97D4-190D-4F4B-9B70-EFEA892C8D39}.AppStore|iPhone.ActiveCfg = AppStore|iPhone
		{EE4B97D4-190D-4F4B-9B70-EFEA892C8D39}.AppStore|iPhone.Build.0 = AppStore|iPhone
		{EE4B97D4-190D-4F4B-9B70-EFEA892C8D39}.AppStore|iPhoneSimulator.ActiveCfg = AppStore|iPhoneSimulator
		{EE4B97D4-190D-4F4B-9B70-EFEA892C8D39}.AppStore|iPhoneSimulator.Build.0 = AppStore|iPhoneSimulator
		{EE4B97D4-190D-4F4B-9B70-EFEA892C8D39}.AppStore|x64.ActiveCfg = AppStore|iPhone
		{EE4B97D4-190D-4F4B-9B70-EFEA892C8D39}.AppStore|x86.ActiveCfg = AppStore|iPhone
		{EE4B97D4-190D-4F4B-9B70-EFEA892C8D39}.Debug|Any CPU.ActiveCfg = Debug|iPhone
		{EE4B97D4-190D-4F4B-9B70-EFEA892C8D39}.Debug|ARM.ActiveCfg = Debug|iPhone
		{EE4B97D4-190D-4F4B-9B70-EFEA892C8D39}.Debug|iPhone.ActiveCfg = Debug|iPhone
		{EE4B97D4-190D-4F4B-9B70-EFEA892C8D39}.Debug|iPhone.Build.0 = Debug|iPhone
		{EE4B97D4-190D-4F4B-9B70-EFEA892C8D39}.Debug|iPhoneSimulator.ActiveCfg = Debug|iPhoneSimulator
		{EE4B97D4-190D-4F4B-9B70-EFEA892C8D39}.Debug|iPhoneSimulator.Build.0 = Debug|iPhoneSimulator
		{EE4B97D4-190D-4F4B-9B70-EFEA892C8D39}.Debug|x64.ActiveCfg = Debug|iPhone
		{EE4B97D4-190D-4F4B-9B70-EFEA892C8D39}.Debug|x86.ActiveCfg = Debug|iPhone
		{EE4B97D4-190D-4F4B-9B70-EFEA892C8D39}.Debyg|Any CPU.ActiveCfg = AppStore|iPhone
		{EE4B97D4-190D-4F4B-9B70-EFEA892C8D39}.Debyg|Any CPU.Build.0 = AppStore|iPhone
		{EE4B97D4-190D-4F4B-9B70-EFEA892C8D39}.Debyg|ARM.ActiveCfg = AppStore|iPhone
		{EE4B97D4-190D-4F4B-9B70-EFEA892C8D39}.Debyg|ARM.Build.0 = AppStore|iPhone
		{EE4B97D4-190D-4F4B-9B70-EFEA892C8D39}.Debyg|iPhone.ActiveCfg = Debug|iPhone
		{EE4B97D4-190D-4F4B-9B70-EFEA892C8D39}.Debyg|iPhone.Build.0 = Debug|iPhone
		{EE4B97D4-190D-4F4B-9B70-EFEA892C8D39}.Debyg|iPhoneSimulator.ActiveCfg = Debug|iPhoneSimulator
		{EE4B97D4-190D-4F4B-9B70-EFEA892C8D39}.Debyg|iPhoneSimulator.Build.0 = Debug|iPhoneSimulator
		{EE4B97D4-190D-4F4B-9B70-EFEA892C8D39}.Debyg|x64.ActiveCfg = AppStore|iPhone
		{EE4B97D4-190D-4F4B-9B70-EFEA892C8D39}.Debyg|x64.Build.0 = AppStore|iPhone
		{EE4B97D4-190D-4F4B-9B70-EFEA892C8D39}.Debyg|x86.ActiveCfg = AppStore|iPhone
		{EE4B97D4-190D-4F4B-9B70-EFEA892C8D39}.Debyg|x86.Build.0 = AppStore|iPhone
		{EE4B97D4-190D-4F4B-9B70-EFEA892C8D39}.Release|Any CPU.ActiveCfg = Release|iPhone
		{EE4B97D4-190D-4F4B-9B70-EFEA892C8D39}.Release|ARM.ActiveCfg = Release|iPhone
		{EE4B97D4-190D-4F4B-9B70-EFEA892C8D39}.Release|iPhone.ActiveCfg = Release|iPhone
		{EE4B97D4-190D-4F4B-9B70-EFEA892C8D39}.Release|iPhone.Build.0 = Release|iPhone
		{EE4B97D4-190D-4F4B-9B70-EFEA892C8D39}.Release|iPhoneSimulator.ActiveCfg = Release|iPhoneSimulator
		{EE4B97D4-190D-4F4B-9B70-EFEA892C8D39}.Release|iPhoneSimulator.Build.0 = Release|iPhoneSimulator
		{EE4B97D4-190D-4F4B-9B70-EFEA892C8D39}.Release|x64.ActiveCfg = Release|iPhone
		{EE4B97D4-190D-4F4B-9B70-EFEA892C8D39}.Release|x86.ActiveCfg = Release|iPhone
		{386165A7-3091-44BB-9B93-3A52BE073E04}.Ad-Hoc|Any CPU.ActiveCfg = Release|x86
		{386165A7-3091-44BB-9B93-3A52BE073E04}.Ad-Hoc|Any CPU.Build.0 = Release|x86
		{386165A7-3091-44BB-9B93-3A52BE073E04}.Ad-Hoc|Any CPU.Deploy.0 = Release|x86
		{386165A7-3091-44BB-9B93-3A52BE073E04}.Ad-Hoc|ARM.ActiveCfg = Release|ARM
		{386165A7-3091-44BB-9B93-3A52BE073E04}.Ad-Hoc|ARM.Build.0 = Release|ARM
		{386165A7-3091-44BB-9B93-3A52BE073E04}.Ad-Hoc|ARM.Deploy.0 = Release|ARM
		{386165A7-3091-44BB-9B93-3A52BE073E04}.Ad-Hoc|iPhone.ActiveCfg = Release|x86
		{386165A7-3091-44BB-9B93-3A52BE073E04}.Ad-Hoc|iPhone.Build.0 = Release|x86
		{386165A7-3091-44BB-9B93-3A52BE073E04}.Ad-Hoc|iPhone.Deploy.0 = Release|x86
		{386165A7-3091-44BB-9B93-3A52BE073E04}.Ad-Hoc|iPhoneSimulator.ActiveCfg = Release|x86
		{386165A7-3091-44BB-9B93-3A52BE073E04}.Ad-Hoc|iPhoneSimulator.Build.0 = Release|x86
		{386165A7-3091-44BB-9B93-3A52BE073E04}.Ad-Hoc|iPhoneSimulator.Deploy.0 = Release|x86
		{386165A7-3091-44BB-9B93-3A52BE073E04}.Ad-Hoc|x64.ActiveCfg = Release|x64
		{386165A7-3091-44BB-9B93-3A52BE073E04}.Ad-Hoc|x64.Build.0 = Release|x64
		{386165A7-3091-44BB-9B93-3A52BE073E04}.Ad-Hoc|x64.Deploy.0 = Release|x64
		{386165A7-3091-44BB-9B93-3A52BE073E04}.Ad-Hoc|x86.ActiveCfg = Release|x86
		{386165A7-3091-44BB-9B93-3A52BE073E04}.Ad-Hoc|x86.Build.0 = Release|x86
		{386165A7-3091-44BB-9B93-3A52BE073E04}.Ad-Hoc|x86.Deploy.0 = Release|x86
		{386165A7-3091-44BB-9B93-3A52BE073E04}.AppStore|Any CPU.ActiveCfg = Release|x86
		{386165A7-3091-44BB-9B93-3A52BE073E04}.AppStore|Any CPU.Build.0 = Release|x86
		{386165A7-3091-44BB-9B93-3A52BE073E04}.AppStore|Any CPU.Deploy.0 = Release|x86
		{386165A7-3091-44BB-9B93-3A52BE073E04}.AppStore|ARM.ActiveCfg = Release|ARM
		{386165A7-3091-44BB-9B93-3A52BE073E04}.AppStore|ARM.Build.0 = Release|ARM
		{386165A7-3091-44BB-9B93-3A52BE073E04}.AppStore|ARM.Deploy.0 = Release|ARM
		{386165A7-3091-44BB-9B93-3A52BE073E04}.AppStore|iPhone.ActiveCfg = Release|x86
		{386165A7-3091-44BB-9B93-3A52BE073E04}.AppStore|iPhone.Build.0 = Release|x86
		{386165A7-3091-44BB-9B93-3A52BE073E04}.AppStore|iPhone.Deploy.0 = Release|x86
		{386165A7-3091-44BB-9B93-3A52BE073E04}.AppStore|iPhoneSimulator.ActiveCfg = Release|x86
		{386165A7-3091-44BB-9B93-3A52BE073E04}.AppStore|iPhoneSimulator.Build.0 = Release|x86
		{386165A7-3091-44BB-9B93-3A52BE073E04}.AppStore|iPhoneSimulator.Deploy.0 = Release|x86
		{386165A7-3091-44BB-9B93-3A52BE073E04}.AppStore|x64.ActiveCfg = Release|x64
		{386165A7-3091-44BB-9B93-3A52BE073E04}.AppStore|x64.Build.0 = Release|x64
		{386165A7-3091-44BB-9B93-3A52BE073E04}.AppStore|x64.Deploy.0 = Release|x64
		{386165A7-3091-44BB-9B93-3A52BE073E04}.AppStore|x86.ActiveCfg = Release|x86
		{386165A7-3091-44BB-9B93-3A52BE073E04}.AppStore|x86.Build.0 = Release|x86
		{386165A7-3091-44BB-9B93-3A52BE073E04}.AppStore|x86.Deploy.0 = Release|x86
		{386165A7-3091-44BB-9B93-3A52BE073E04}.Debug|Any CPU.ActiveCfg = Debug|x86
		{386165A7-3091-44BB-9B93-3A52BE073E04}.Debug|ARM.ActiveCfg = Debug|ARM
		{386165A7-3091-44BB-9B93-3A52BE073E04}.Debug|ARM.Build.0 = Debug|ARM
		{386165A7-3091-44BB-9B93-3A52BE073E04}.Debug|ARM.Deploy.0 = Debug|ARM
		{386165A7-3091-44BB-9B93-3A52BE073E04}.Debug|iPhone.ActiveCfg = Debug|x86
		{386165A7-3091-44BB-9B93-3A52BE073E04}.Debug|iPhoneSimulator.ActiveCfg = Debug|x86
		{386165A7-3091-44BB-9B93-3A52BE073E04}.Debug|x64.ActiveCfg = Debug|x64
		{386165A7-3091-44BB-9B93-3A52BE073E04}.Debug|x64.Build.0 = Debug|x64
		{386165A7-3091-44BB-9B93-3A52BE073E04}.Debug|x64.Deploy.0 = Debug|x64
		{386165A7-3091-44BB-9B93-3A52BE073E04}.Debug|x86.ActiveCfg = Debug|x86
		{386165A7-3091-44BB-9B93-3A52BE073E04}.Debug|x86.Build.0 = Debug|x86
		{386165A7-3091-44BB-9B93-3A52BE073E04}.Debug|x86.Deploy.0 = Debug|x86
		{386165A7-3091-44BB-9B93-3A52BE073E04}.Debyg|Any CPU.ActiveCfg = Release|x86
		{386165A7-3091-44BB-9B93-3A52BE073E04}.Debyg|Any CPU.Build.0 = Release|x86
		{386165A7-3091-44BB-9B93-3A52BE073E04}.Debyg|Any CPU.Deploy.0 = Release|x86
		{386165A7-3091-44BB-9B93-3A52BE073E04}.Debyg|ARM.ActiveCfg = Debug|ARM
		{386165A7-3091-44BB-9B93-3A52BE073E04}.Debyg|ARM.Build.0 = Debug|ARM
		{386165A7-3091-44BB-9B93-3A52BE073E04}.Debyg|ARM.Deploy.0 = Debug|ARM
		{386165A7-3091-44BB-9B93-3A52BE073E04}.Debyg|iPhone.ActiveCfg = Release|x86
		{386165A7-3091-44BB-9B93-3A52BE073E04}.Debyg|iPhone.Build.0 = Release|x86
		{386165A7-3091-44BB-9B93-3A52BE073E04}.Debyg|iPhone.Deploy.0 = Release|x86
		{386165A7-3091-44BB-9B93-3A52BE073E04}.Debyg|iPhoneSimulator.ActiveCfg = Release|x86
		{386165A7-3091-44BB-9B93-3A52BE073E04}.Debyg|iPhoneSimulator.Build.0 = Release|x86
		{386165A7-3091-44BB-9B93-3A52BE073E04}.Debyg|iPhoneSimulator.Deploy.0 = Release|x86
		{386165A7-3091-44BB-9B93-3A52BE073E04}.Debyg|x64.ActiveCfg = Debug|x64
		{386165A7-3091-44BB-9B93-3A52BE073E04}.Debyg|x64.Build.0 = Debug|x64
		{386165A7-3091-44BB-9B93-3A52BE073E04}.Debyg|x64.Deploy.0 = Debug|x64
		{386165A7-3091-44BB-9B93-3A52BE073E04}.Debyg|x86.ActiveCfg = Debug|x86
		{386165A7-3091-44BB-9B93-3A52BE073E04}.Debyg|x86.Build.0 = Debug|x86
		{386165A7-3091-44BB-9B93-3A52BE073E04}.Debyg|x86.Deploy.0 = Debug|x86
		{386165A7-3091-44BB-9B93-3A52BE073E04}.Release|Any CPU.ActiveCfg = Release|x86
		{386165A7-3091-44BB-9B93-3A52BE073E04}.Release|ARM.ActiveCfg = Release|ARM
		{386165A7-3091-44BB-9B93-3A52BE073E04}.Release|ARM.Build.0 = Release|ARM
		{386165A7-3091-44BB-9B93-3A52BE073E04}.Release|ARM.Deploy.0 = Release|ARM
		{386165A7-3091-44BB-9B93-3A52BE073E04}.Release|iPhone.ActiveCfg = Release|x86
		{386165A7-3091-44BB-9B93-3A52BE073E04}.Release|iPhoneSimulator.ActiveCfg = Release|x86
		{386165A7-3091-44BB-9B93-3A52BE073E04}.Release|x64.ActiveCfg = Release|x64
		{386165A7-3091-44BB-9B93-3A52BE073E04}.Release|x64.Build.0 = Release|x64
		{386165A7-3091-44BB-9B93-3A52BE073E04}.Release|x64.Deploy.0 = Release|x64
		{386165A7-3091-44BB-9B93-3A52BE073E04}.Release|x86.ActiveCfg = Release|x86
		{386165A7-3091-44BB-9B93-3A52BE073E04}.Release|x86.Build.0 = Release|x86
		{386165A7-3091-44BB-9B93-3A52BE073E04}.Release|x86.Deploy.0 = Release|x86
		{371472E0-4BCF-46E0-B139-3B5CC8A31794}.Ad-Hoc|Any CPU.ActiveCfg = Debug|Any CPU
		{371472E0-4BCF-46E0-B139-3B5CC8A31794}.Ad-Hoc|Any CPU.Build.0 = Debug|Any CPU
		{371472E0-4BCF-46E0-B139-3B5CC8A31794}.Ad-Hoc|ARM.ActiveCfg = Debug|Any CPU
		{371472E0-4BCF-46E0-B139-3B5CC8A31794}.Ad-Hoc|ARM.Build.0 = Debug|Any CPU
		{371472E0-4BCF-46E0-B139-3B5CC8A31794}.Ad-Hoc|iPhone.ActiveCfg = Debug|Any CPU
		{371472E0-4BCF-46E0-B139-3B5CC8A31794}.Ad-Hoc|iPhone.Build.0 = Debug|Any CPU
		{371472E0-4BCF-46E0-B139-3B5CC8A31794}.Ad-Hoc|iPhoneSimulator.ActiveCfg = Debug|Any CPU
		{371472E0-4BCF-46E0-B139-3B5CC8A31794}.Ad-Hoc|iPhoneSimulator.Build.0 = Debug|Any CPU
		{371472E0-4BCF-46E0-B139-3B5CC8A31794}.Ad-Hoc|x64.ActiveCfg = Debug|Any CPU
		{371472E0-4BCF-46E0-B139-3B5CC8A31794}.Ad-Hoc|x64.Build.0 = Debug|Any CPU
		{371472E0-4BCF-46E0-B139-3B5CC8A31794}.Ad-Hoc|x86.ActiveCfg = Debug|Any CPU
		{371472E0-4BCF-46E0-B139-3B5CC8A31794}.Ad-Hoc|x86.Build.0 = Debug|Any CPU
		{371472E0-4BCF-46E0-B139-3B5CC8A31794}.AppStore|Any CPU.ActiveCfg = Debug|Any CPU
		{371472E0-4BCF-46E0-B139-3B5CC8A31794}.AppStore|Any CPU.Build.0 = Debug|Any CPU
		{371472E0-4BCF-46E0-B139-3B5CC8A31794}.AppStore|ARM.ActiveCfg = Debug|Any CPU
		{371472E0-4BCF-46E0-B139-3B5CC8A31794}.AppStore|ARM.Build.0 = Debug|Any CPU
		{371472E0-4BCF-46E0-B139-3B5CC8A31794}.AppStore|iPhone.ActiveCfg = Debug|Any CPU
		{371472E0-4BCF-46E0-B139-3B5CC8A31794}.AppStore|iPhone.Build.0 = Debug|Any CPU
		{371472E0-4BCF-46E0-B139-3B5CC8A31794}.AppStore|iPhoneSimulator.ActiveCfg = Debug|Any CPU
		{371472E0-4BCF-46E0-B139-3B5CC8A31794}.AppStore|iPhoneSimulator.Build.0 = Debug|Any CPU
		{371472E0-4BCF-46E0-B139-3B5CC8A31794}.AppStore|x64.ActiveCfg = Debug|Any CPU
		{371472E0-4BCF-46E0-B139-3B5CC8A31794}.AppStore|x64.Build.0 = Debug|Any CPU
		{371472E0-4BCF-46E0-B139-3B5CC8A31794}.AppStore|x86.ActiveCfg = Debug|Any CPU
		{371472E0-4BCF-46E0-B139-3B5CC8A31794}.AppStore|x86.Build.0 = Debug|Any CPU
		{371472E0-4BCF-46E0-B139-3B5CC8A31794}.Debug|Any CPU.ActiveCfg = Debug|Any CPU
		{371472E0-4BCF-46E0-B139-3B5CC8A31794}.Debug|Any CPU.Build.0 = Debug|Any CPU
		{371472E0-4BCF-46E0-B139-3B5CC8A31794}.Debug|ARM.ActiveCfg = Debug|Any CPU
		{371472E0-4BCF-46E0-B139-3B5CC8A31794}.Debug|ARM.Build.0 = Debug|Any CPU
		{371472E0-4BCF-46E0-B139-3B5CC8A31794}.Debug|iPhone.ActiveCfg = Debug|Any CPU
		{371472E0-4BCF-46E0-B139-3B5CC8A31794}.Debug|iPhone.Build.0 = Debug|Any CPU
		{371472E0-4BCF-46E0-B139-3B5CC8A31794}.Debug|iPhoneSimulator.ActiveCfg = Debug|Any CPU
		{371472E0-4BCF-46E0-B139-3B5CC8A31794}.Debug|iPhoneSimulator.Build.0 = Debug|Any CPU
		{371472E0-4BCF-46E0-B139-3B5CC8A31794}.Debug|x64.ActiveCfg = Debug|Any CPU
		{371472E0-4BCF-46E0-B139-3B5CC8A31794}.Debug|x64.Build.0 = Debug|Any CPU
		{371472E0-4BCF-46E0-B139-3B5CC8A31794}.Debug|x86.ActiveCfg = Debug|Any CPU
		{371472E0-4BCF-46E0-B139-3B5CC8A31794}.Debug|x86.Build.0 = Debug|Any CPU
		{371472E0-4BCF-46E0-B139-3B5CC8A31794}.Debyg|Any CPU.ActiveCfg = Debug|Any CPU
		{371472E0-4BCF-46E0-B139-3B5CC8A31794}.Debyg|Any CPU.Build.0 = Debug|Any CPU
		{371472E0-4BCF-46E0-B139-3B5CC8A31794}.Debyg|ARM.ActiveCfg = Debug|Any CPU
		{371472E0-4BCF-46E0-B139-3B5CC8A31794}.Debyg|ARM.Build.0 = Debug|Any CPU
		{371472E0-4BCF-46E0-B139-3B5CC8A31794}.Debyg|iPhone.ActiveCfg = Debug|Any CPU
		{371472E0-4BCF-46E0-B139-3B5CC8A31794}.Debyg|iPhone.Build.0 = Debug|Any CPU
		{371472E0-4BCF-46E0-B139-3B5CC8A31794}.Debyg|iPhoneSimulator.ActiveCfg = Debug|Any CPU
		{371472E0-4BCF-46E0-B139-3B5CC8A31794}.Debyg|iPhoneSimulator.Build.0 = Debug|Any CPU
		{371472E0-4BCF-46E0-B139-3B5CC8A31794}.Debyg|x64.ActiveCfg = Debug|Any CPU
		{371472E0-4BCF-46E0-B139-3B5CC8A31794}.Debyg|x64.Build.0 = Debug|Any CPU
		{371472E0-4BCF-46E0-B139-3B5CC8A31794}.Debyg|x86.ActiveCfg = Debug|Any CPU
		{371472E0-4BCF-46E0-B139-3B5CC8A31794}.Debyg|x86.Build.0 = Debug|Any CPU
		{371472E0-4BCF-46E0-B139-3B5CC8A31794}.Release|Any CPU.ActiveCfg = Release|Any CPU
		{371472E0-4BCF-46E0-B139-3B5CC8A31794}.Release|Any CPU.Build.0 = Release|Any CPU
		{371472E0-4BCF-46E0-B139-3B5CC8A31794}.Release|ARM.ActiveCfg = Release|Any CPU
		{371472E0-4BCF-46E0-B139-3B5CC8A31794}.Release|ARM.Build.0 = Release|Any CPU
		{371472E0-4BCF-46E0-B139-3B5CC8A31794}.Release|iPhone.ActiveCfg = Release|Any CPU
		{371472E0-4BCF-46E0-B139-3B5CC8A31794}.Release|iPhone.Build.0 = Release|Any CPU
		{371472E0-4BCF-46E0-B139-3B5CC8A31794}.Release|iPhoneSimulator.ActiveCfg = Release|Any CPU
		{371472E0-4BCF-46E0-B139-3B5CC8A31794}.Release|iPhoneSimulator.Build.0 = Release|Any CPU
		{371472E0-4BCF-46E0-B139-3B5CC8A31794}.Release|x64.ActiveCfg = Release|Any CPU
		{371472E0-4BCF-46E0-B139-3B5CC8A31794}.Release|x64.Build.0 = Release|Any CPU
		{371472E0-4BCF-46E0-B139-3B5CC8A31794}.Release|x86.ActiveCfg = Release|Any CPU
		{371472E0-4BCF-46E0-B139-3B5CC8A31794}.Release|x86.Build.0 = Release|Any CPU
		{A3ABA6B8-BE0B-4F2D-9C4E-4EA7EC6936C8}.Ad-Hoc|Any CPU.ActiveCfg = Release|Any CPU
		{A3ABA6B8-BE0B-4F2D-9C4E-4EA7EC6936C8}.Ad-Hoc|Any CPU.Build.0 = Release|Any CPU
		{A3ABA6B8-BE0B-4F2D-9C4E-4EA7EC6936C8}.Ad-Hoc|ARM.ActiveCfg = Release|Any CPU
		{A3ABA6B8-BE0B-4F2D-9C4E-4EA7EC6936C8}.Ad-Hoc|ARM.Build.0 = Release|Any CPU
		{A3ABA6B8-BE0B-4F2D-9C4E-4EA7EC6936C8}.Ad-Hoc|iPhone.ActiveCfg = Release|Any CPU
		{A3ABA6B8-BE0B-4F2D-9C4E-4EA7EC6936C8}.Ad-Hoc|iPhone.Build.0 = Release|Any CPU
		{A3ABA6B8-BE0B-4F2D-9C4E-4EA7EC6936C8}.Ad-Hoc|iPhoneSimulator.ActiveCfg = Release|Any CPU
		{A3ABA6B8-BE0B-4F2D-9C4E-4EA7EC6936C8}.Ad-Hoc|iPhoneSimulator.Build.0 = Release|Any CPU
		{A3ABA6B8-BE0B-4F2D-9C4E-4EA7EC6936C8}.Ad-Hoc|x64.ActiveCfg = Release|Any CPU
		{A3ABA6B8-BE0B-4F2D-9C4E-4EA7EC6936C8}.Ad-Hoc|x64.Build.0 = Release|Any CPU
		{A3ABA6B8-BE0B-4F2D-9C4E-4EA7EC6936C8}.Ad-Hoc|x86.ActiveCfg = Release|Any CPU
		{A3ABA6B8-BE0B-4F2D-9C4E-4EA7EC6936C8}.Ad-Hoc|x86.Build.0 = Release|Any CPU
		{A3ABA6B8-BE0B-4F2D-9C4E-4EA7EC6936C8}.AppStore|Any CPU.ActiveCfg = Release|Any CPU
		{A3ABA6B8-BE0B-4F2D-9C4E-4EA7EC6936C8}.AppStore|Any CPU.Build.0 = Release|Any CPU
		{A3ABA6B8-BE0B-4F2D-9C4E-4EA7EC6936C8}.AppStore|ARM.ActiveCfg = Release|Any CPU
		{A3ABA6B8-BE0B-4F2D-9C4E-4EA7EC6936C8}.AppStore|ARM.Build.0 = Release|Any CPU
		{A3ABA6B8-BE0B-4F2D-9C4E-4EA7EC6936C8}.AppStore|iPhone.ActiveCfg = Release|Any CPU
		{A3ABA6B8-BE0B-4F2D-9C4E-4EA7EC6936C8}.AppStore|iPhone.Build.0 = Release|Any CPU
		{A3ABA6B8-BE0B-4F2D-9C4E-4EA7EC6936C8}.AppStore|iPhoneSimulator.ActiveCfg = Release|Any CPU
		{A3ABA6B8-BE0B-4F2D-9C4E-4EA7EC6936C8}.AppStore|iPhoneSimulator.Build.0 = Release|Any CPU
		{A3ABA6B8-BE0B-4F2D-9C4E-4EA7EC6936C8}.AppStore|x64.ActiveCfg = Release|Any CPU
		{A3ABA6B8-BE0B-4F2D-9C4E-4EA7EC6936C8}.AppStore|x64.Build.0 = Release|Any CPU
		{A3ABA6B8-BE0B-4F2D-9C4E-4EA7EC6936C8}.AppStore|x86.ActiveCfg = Release|Any CPU
		{A3ABA6B8-BE0B-4F2D-9C4E-4EA7EC6936C8}.AppStore|x86.Build.0 = Release|Any CPU
		{A3ABA6B8-BE0B-4F2D-9C4E-4EA7EC6936C8}.Debug|Any CPU.ActiveCfg = Debug|Any CPU
		{A3ABA6B8-BE0B-4F2D-9C4E-4EA7EC6936C8}.Debug|Any CPU.Build.0 = Debug|Any CPU
		{A3ABA6B8-BE0B-4F2D-9C4E-4EA7EC6936C8}.Debug|ARM.ActiveCfg = Debug|Any CPU
		{A3ABA6B8-BE0B-4F2D-9C4E-4EA7EC6936C8}.Debug|ARM.Build.0 = Debug|Any CPU
		{A3ABA6B8-BE0B-4F2D-9C4E-4EA7EC6936C8}.Debug|iPhone.ActiveCfg = Debug|Any CPU
		{A3ABA6B8-BE0B-4F2D-9C4E-4EA7EC6936C8}.Debug|iPhone.Build.0 = Debug|Any CPU
		{A3ABA6B8-BE0B-4F2D-9C4E-4EA7EC6936C8}.Debug|iPhoneSimulator.ActiveCfg = Debug|Any CPU
		{A3ABA6B8-BE0B-4F2D-9C4E-4EA7EC6936C8}.Debug|iPhoneSimulator.Build.0 = Debug|Any CPU
		{A3ABA6B8-BE0B-4F2D-9C4E-4EA7EC6936C8}.Debug|x64.ActiveCfg = Debug|Any CPU
		{A3ABA6B8-BE0B-4F2D-9C4E-4EA7EC6936C8}.Debug|x64.Build.0 = Debug|Any CPU
		{A3ABA6B8-BE0B-4F2D-9C4E-4EA7EC6936C8}.Debug|x86.ActiveCfg = Debug|Any CPU
		{A3ABA6B8-BE0B-4F2D-9C4E-4EA7EC6936C8}.Debug|x86.Build.0 = Debug|Any CPU
		{A3ABA6B8-BE0B-4F2D-9C4E-4EA7EC6936C8}.Debyg|Any CPU.ActiveCfg = Debug|Any CPU
		{A3ABA6B8-BE0B-4F2D-9C4E-4EA7EC6936C8}.Debyg|Any CPU.Build.0 = Debug|Any CPU
		{A3ABA6B8-BE0B-4F2D-9C4E-4EA7EC6936C8}.Debyg|ARM.ActiveCfg = Debug|Any CPU
		{A3ABA6B8-BE0B-4F2D-9C4E-4EA7EC6936C8}.Debyg|ARM.Build.0 = Debug|Any CPU
		{A3ABA6B8-BE0B-4F2D-9C4E-4EA7EC6936C8}.Debyg|iPhone.ActiveCfg = Debug|Any CPU
		{A3ABA6B8-BE0B-4F2D-9C4E-4EA7EC6936C8}.Debyg|iPhone.Build.0 = Debug|Any CPU
		{A3ABA6B8-BE0B-4F2D-9C4E-4EA7EC6936C8}.Debyg|iPhoneSimulator.ActiveCfg = Debug|Any CPU
		{A3ABA6B8-BE0B-4F2D-9C4E-4EA7EC6936C8}.Debyg|iPhoneSimulator.Build.0 = Debug|Any CPU
		{A3ABA6B8-BE0B-4F2D-9C4E-4EA7EC6936C8}.Debyg|x64.ActiveCfg = Debug|Any CPU
		{A3ABA6B8-BE0B-4F2D-9C4E-4EA7EC6936C8}.Debyg|x64.Build.0 = Debug|Any CPU
		{A3ABA6B8-BE0B-4F2D-9C4E-4EA7EC6936C8}.Debyg|x86.ActiveCfg = Debug|Any CPU
		{A3ABA6B8-BE0B-4F2D-9C4E-4EA7EC6936C8}.Debyg|x86.Build.0 = Debug|Any CPU
		{A3ABA6B8-BE0B-4F2D-9C4E-4EA7EC6936C8}.Release|Any CPU.ActiveCfg = Release|Any CPU
		{A3ABA6B8-BE0B-4F2D-9C4E-4EA7EC6936C8}.Release|Any CPU.Build.0 = Release|Any CPU
		{A3ABA6B8-BE0B-4F2D-9C4E-4EA7EC6936C8}.Release|ARM.ActiveCfg = Release|Any CPU
		{A3ABA6B8-BE0B-4F2D-9C4E-4EA7EC6936C8}.Release|ARM.Build.0 = Release|Any CPU
		{A3ABA6B8-BE0B-4F2D-9C4E-4EA7EC6936C8}.Release|iPhone.ActiveCfg = Release|Any CPU
		{A3ABA6B8-BE0B-4F2D-9C4E-4EA7EC6936C8}.Release|iPhone.Build.0 = Release|Any CPU
		{A3ABA6B8-BE0B-4F2D-9C4E-4EA7EC6936C8}.Release|iPhoneSimulator.ActiveCfg = Release|Any CPU
		{A3ABA6B8-BE0B-4F2D-9C4E-4EA7EC6936C8}.Release|iPhoneSimulator.Build.0 = Release|Any CPU
		{A3ABA6B8-BE0B-4F2D-9C4E-4EA7EC6936C8}.Release|x64.ActiveCfg = Release|Any CPU
		{A3ABA6B8-BE0B-4F2D-9C4E-4EA7EC6936C8}.Release|x64.Build.0 = Release|Any CPU
		{A3ABA6B8-BE0B-4F2D-9C4E-4EA7EC6936C8}.Release|x86.ActiveCfg = Release|Any CPU
		{A3ABA6B8-BE0B-4F2D-9C4E-4EA7EC6936C8}.Release|x86.Build.0 = Release|Any CPU
	EndGlobalSection
	GlobalSection(SolutionProperties) = preSolution
		HideSolutionNode = FALSE
	EndGlobalSection
	GlobalSection(ExtensibilityGlobals) = postSolution
		SolutionGuid = {716B1FBE-65FA-4CFB-BA0F-0FA23817E0BE}
	EndGlobalSection
EndGlobal
